{
	"name": "@shapediver/viewer.data-engine.data-engine",
	"version": "2.6.4",
	"lockfileVersion": 2,
	"requires": true,
	"packages": {
		"": {
			"name": "@shapediver/viewer.data-engine.data-engine",
			"version": "2.3.4",
			"license": "polyform-noncommercial-1.0.0",
			"dependencies": {
				"@shapediver/sdk.geometry-api-sdk-v2": "^1.0.26"
			}
		},
		"../../rendering-engine/camera-engine": {
			"name": "@shapediver/viewer.rendering-engine.camera-engine",
			"version": "2.3.4",
			"extraneous": true,
			"license": "polyform-noncommercial-1.0.0",
			"dependencies": {
				"@shapediver/viewer.rendering-engine.rendering-engine": "2.3.4",
				"@shapediver/viewer.settings": "0.1.36",
				"@shapediver/viewer.shared.math": "2.3.4",
				"@shapediver/viewer.shared.node-tree": "2.3.4",
				"@shapediver/viewer.shared.services": "2.3.4",
				"@shapediver/viewer.shared.types": "2.3.4",
				"@tweenjs/tween.js": "^18.6.4",
				"detect-it": "4.0.1",
				"gl-matrix": "3.3.0",
				"tsyringe": "^4.5.0"
			}
		},
		"../../rendering-engine/light-engine": {
			"name": "@shapediver/viewer.rendering-engine.light-engine",
			"version": "2.3.4",
			"extraneous": true,
			"license": "polyform-noncommercial-1.0.0",
			"dependencies": {
				"@shapediver/viewer.rendering-engine.rendering-engine": "2.3.4",
				"@shapediver/viewer.settings": "0.1.36",
				"@shapediver/viewer.shared.node-tree": "2.3.4",
				"@shapediver/viewer.shared.services": "2.3.4",
				"@shapediver/viewer.shared.types": "2.3.4",
				"gl-matrix": "3.3.0",
				"tsyringe": "^4.5.0"
			}
		},
		"../../rendering-engine/rendering-engine": {
			"name": "@shapediver/viewer.rendering-engine.rendering-engine",
			"version": "2.3.4",
			"extraneous": true,
			"license": "polyform-noncommercial-1.0.0",
			"dependencies": {
				"@shapediver/viewer.shared.math": "2.3.4",
				"@shapediver/viewer.shared.node-tree": "2.3.4",
				"@shapediver/viewer.shared.services": "2.3.4",
				"@shapediver/viewer.shared.types": "2.3.4",
				"gl-matrix": "3.3.0",
				"tsyringe": "^4.5.0"
			}
		},
		"../../shared/build-data": {
			"name": "@shapediver/viewer.shared.build-data",
			"version": "2.3.4",
			"extraneous": true,
			"license": "polyform-noncommercial-1.0.0"
		},
		"../../shared/math": {
			"name": "@shapediver/viewer.shared.math",
			"version": "2.3.4",
			"extraneous": true,
			"license": "polyform-noncommercial-1.0.0",
			"dependencies": {
				"@shapediver/viewer.shared.services": "2.3.4",
				"gl-matrix": "3.3.0",
				"tsyringe": "^4.5.0"
			}
		},
		"../../shared/node-tree": {
			"name": "@shapediver/viewer.shared.node-tree",
			"version": "2.3.4",
			"extraneous": true,
			"license": "polyform-noncommercial-1.0.0",
			"dependencies": {
				"@shapediver/viewer.shared.math": "2.3.4",
				"@shapediver/viewer.shared.services": "2.3.4",
				"gl-matrix": "3.3.0",
				"tsyringe": "^4.5.0"
			}
		},
		"../../shared/node-tree-utils": {
			"name": "@shapediver/viewer.shared.node-tree-utils",
			"version": "2.3.4",
			"extraneous": true,
			"license": "polyform-noncommercial-1.0.0",
			"dependencies": {
				"@shapediver/viewer.shared.math": "2.3.4",
				"@shapediver/viewer.shared.node-tree": "2.3.4",
				"@shapediver/viewer.shared.services": "2.3.4",
				"@shapediver/viewer.shared.types": "2.3.4",
				"gl-matrix": "3.3.0",
				"tsyringe": "^4.5.0"
			}
		},
		"../../shared/services": {
			"name": "@shapediver/viewer.shared.services",
			"version": "2.3.4",
			"extraneous": true,
			"license": "polyform-noncommercial-1.0.0",
			"dependencies": {
				"@ctrl/tinycolor": "^3.4.0",
				"@sentry/browser": "^6.7.2",
				"@sentry/tracing": "^6.7.2",
				"@shapediver/sdk.geometry-api-sdk-v2": "^1.1.0",
				"@shapediver/viewer.settings": "0.1.36",
				"@shapediver/viewer.shared.build-data": "2.3.4",
				"@types/dompurify": "^2.3.1",
				"@types/ua-parser-js": "^0.7.36",
				"@types/uuid": "^8.3.0",
				"axios": "^0.21.1",
				"dompurify": "^2.3.3",
				"gl-matrix": "3.3.0",
				"tsyringe": "^4.5.0",
				"ua-parser-js": "^0.7.28",
				"uuid": "^8.3.2"
			}
		},
		"../../shared/types": {
			"name": "@shapediver/viewer.shared.types",
			"version": "2.3.4",
			"extraneous": true,
			"license": "polyform-noncommercial-1.0.0",
			"dependencies": {
				"@shapediver/sdk.sdtf-v1": "1.0.0",
				"@shapediver/viewer.shared.math": "2.3.4",
				"@shapediver/viewer.shared.node-tree": "2.3.4",
				"@shapediver/viewer.shared.services": "2.3.4",
				"gl-matrix": "3.3.0",
				"tsyringe": "^4.5.0"
			}
		},
		"../geometry-engine": {
			"name": "@shapediver/viewer.data-engine.geometry-engine",
			"version": "2.3.4",
			"extraneous": true,
			"license": "polyform-noncommercial-1.0.0",
			"dependencies": {
				"@shapediver/sdk.geometry-api-sdk-v2": "^1.1.0",
				"@shapediver/viewer.data-engine.material-engine": "2.3.4",
				"@shapediver/viewer.data-engine.shared-types": "2.3.4",
				"@shapediver/viewer.rendering-engine.camera-engine": "2.3.4",
				"@shapediver/viewer.rendering-engine.light-engine": "2.3.4",
				"@shapediver/viewer.shared.build-data": "2.3.4",
				"@shapediver/viewer.shared.node-tree": "2.3.4",
				"@shapediver/viewer.shared.node-tree-utils": "2.3.4",
				"@shapediver/viewer.shared.services": "2.3.4",
				"@shapediver/viewer.shared.types": "2.3.4",
				"axios": "^0.21.1",
				"gl-matrix": "3.3.0",
				"tsyringe": "^4.5.0"
			}
		},
		"../html-element-anchor-engine": {
			"name": "@shapediver/viewer.data-engine.html-element-anchor-engine",
			"version": "2.3.4",
			"extraneous": true,
			"license": "polyform-noncommercial-1.0.0",
			"dependencies": {
				"@shapediver/sdk.geometry-api-sdk-v2": "^1.1.0",
				"@shapediver/viewer.data-engine.shared-types": "2.3.4",
				"@shapediver/viewer.shared.math": "2.3.4",
				"@shapediver/viewer.shared.node-tree": "2.3.4",
				"@shapediver/viewer.shared.services": "2.3.4",
				"@shapediver/viewer.shared.types": "2.3.4",
				"axios": "^0.21.1",
				"gl-matrix": "3.3.0",
				"tsyringe": "^4.5.0"
			}
		},
		"../material-engine": {
			"name": "@shapediver/viewer.data-engine.material-engine",
			"version": "2.3.4",
			"extraneous": true,
			"license": "polyform-noncommercial-1.0.0",
			"dependencies": {
				"@shapediver/sdk.geometry-api-sdk-v2": "^1.1.0",
				"@shapediver/viewer.data-engine.shared-types": "2.3.4",
				"@shapediver/viewer.shared.node-tree": "2.3.4",
				"@shapediver/viewer.shared.services": "2.3.4",
				"@shapediver/viewer.shared.types": "2.3.4",
				"axios": "^0.21.1",
				"gl-matrix": "3.3.0",
				"tsyringe": "^4.5.0"
			}
		},
		"../sdtf-engine": {
			"name": "@shapediver/viewer.data-engine.sdtf-engine",
			"version": "2.3.4",
			"extraneous": true,
			"license": "polyform-noncommercial-1.0.0",
			"dependencies": {
				"@shapediver/sdk.geometry-api-sdk-v2": "^1.1.0",
				"@shapediver/sdk.sdtf-v1": "1.0.0",
				"@shapediver/viewer.data-engine.shared-types": "2.3.4",
				"@shapediver/viewer.shared.build-data": "2.3.4",
				"@shapediver/viewer.shared.node-tree": "2.3.4",
				"@shapediver/viewer.shared.services": "2.3.4",
				"@shapediver/viewer.shared.types": "2.3.4",
				"axios": "^0.21.1",
				"gl-matrix": "3.3.0",
				"tsyringe": "^4.5.0"
			}
		},
		"../shared-types": {
			"name": "@shapediver/viewer.data-engine.shared-types",
			"version": "2.3.4",
			"extraneous": true,
			"license": "polyform-noncommercial-1.0.0",
			"dependencies": {
				"@shapediver/viewer.shared.services": "2.3.4",
				"@shapediver/viewer.shared.types": "2.3.4",
				"axios": "^0.21.1",
				"gl-matrix": "3.3.0",
				"tsyringe": "^4.5.0"
			}
		},
		"../tag3d-engine": {
			"name": "@shapediver/viewer.data-engine.tag3d-engine",
			"version": "2.3.4",
			"extraneous": true,
			"license": "polyform-noncommercial-1.0.0",
			"dependencies": {
				"@shapediver/sdk.geometry-api-sdk-v2": "^1.1.0",
				"@shapediver/viewer.data-engine.shared-types": "2.3.4",
				"@shapediver/viewer.shared.node-tree": "2.3.4",
				"@shapediver/viewer.shared.services": "2.3.4",
				"@shapediver/viewer.shared.types": "2.3.4",
				"axios": "^0.21.1",
				"gl-matrix": "3.3.0",
				"three": "^0.141.0",
				"tsyringe": "^4.5.0"
			}
		},
		"node_modules/@shapediver/sdk.geometry-api-sdk-v2": {
			"version": "1.1.0",
			"resolved": "https://registry.npmjs.org/@shapediver/sdk.geometry-api-sdk-v2/-/sdk.geometry-api-sdk-v2-1.1.0.tgz",
			"integrity": "sha512-D8hxA+NXCem716eDQtKZuKj2wqtvNkGmvTLgyfE0H0IIg+6NqLPeQYfID+DDFshjzNmhDRiMD82Ypg18yWJFyQ==",
			"dependencies": {
				"@shapediver/api.geometry-api-dto-v2": "^1.2.0",
				"@shapediver/sdk.geometry-api-sdk-core": "^1.1.0"
			}
		},
		"node_modules/@shapediver/sdk.geometry-api-sdk-v2/node_modules/@shapediver/api.geometry-api-dto-v2": {
			"version": "1.3.0",
			"resolved": "https://registry.npmjs.org/@shapediver/api.geometry-api-dto-v2/-/api.geometry-api-dto-v2-1.3.0.tgz",
			"integrity": "sha512-W6QYMi+Hq2E55uDxAqkzFDz9+gsCTw4BAUF5f02FX7OWOJPRri0B3KECtBahhCxtNfCPapkMBiAMmp5KM0OR4A=="
		},
		"node_modules/@shapediver/sdk.geometry-api-sdk-v2/node_modules/@shapediver/sdk.geometry-api-sdk-core": {
			"version": "1.1.0",
			"resolved": "https://registry.npmjs.org/@shapediver/sdk.geometry-api-sdk-core/-/sdk.geometry-api-sdk-core-1.1.0.tgz",
			"integrity": "sha512-uxN4AlToIXqOzoWZihys+BYomWSavGwdn6lG/HxmD9jDUqEEhhBK3nekjjlK+3+nTfOZYDP/SAaglkm4VAYACQ==",
			"dependencies": {
				"axios": "^0.27.2"
			}
		},
		"node_modules/@shapediver/sdk.geometry-api-sdk-v2/node_modules/asynckit": {
			"version": "0.4.0",
			"resolved": "https://registry.npmjs.org/asynckit/-/asynckit-0.4.0.tgz",
			"integrity": "sha512-Oei9OH4tRh0YqU3GxhX79dM/mwVgvbZJaSNaRk+bshkj0S5cfHcgYakreBjrHwatXKbz+IoIdYLxrKim2MjW0Q=="
		},
		"node_modules/@shapediver/sdk.geometry-api-sdk-v2/node_modules/axios": {
			"version": "0.27.2",
			"resolved": "https://registry.npmjs.org/axios/-/axios-0.27.2.tgz",
			"integrity": "sha512-t+yRIyySRTp/wua5xEr+z1q60QmLq8ABsS5O9Me1AsE5dfKqgnCFzwiCZZ/cGNd1lq4/7akDWMxdhVlucjmnOQ==",
			"dependencies": {
				"follow-redirects": "^1.14.9",
				"form-data": "^4.0.0"
			}
		},
		"node_modules/@shapediver/sdk.geometry-api-sdk-v2/node_modules/combined-stream": {
			"version": "1.0.8",
			"resolved": "https://registry.npmjs.org/combined-stream/-/combined-stream-1.0.8.tgz",
			"integrity": "sha512-FQN4MRfuJeHf7cBbBMJFXhKSDq+2kAArBlmRBvcvFE5BB1HZKXtSFASDhdlz9zOYwxh8lDdnvmMOe/+5cdoEdg==",
			"dependencies": {
				"delayed-stream": "~1.0.0"
			},
			"engines": {
				"node": ">= 0.8"
			}
		},
		"node_modules/@shapediver/sdk.geometry-api-sdk-v2/node_modules/delayed-stream": {
			"version": "1.0.0",
			"resolved": "https://registry.npmjs.org/delayed-stream/-/delayed-stream-1.0.0.tgz",
			"integrity": "sha512-ZySD7Nf91aLB0RxL4KGrKHBXl7Eds1DAmEdcoVawXnLD7SDhpNgtuII2aAkg7a7QS41jxPSZ17p4VdGnMHk3MQ==",
			"engines": {
				"node": ">=0.4.0"
			}
		},
		"node_modules/@shapediver/sdk.geometry-api-sdk-v2/node_modules/follow-redirects": {
			"version": "1.15.2",
			"resolved": "https://registry.npmjs.org/follow-redirects/-/follow-redirects-1.15.2.tgz",
			"integrity": "sha512-VQLG33o04KaQ8uYi2tVNbdrWp1QWxNNea+nmIB4EVM28v0hmP17z7aG1+wAkNzVq4KeXTq3221ye5qTJP91JwA==",
			"funding": [
				{
					"type": "individual",
					"url": "https://github.com/sponsors/RubenVerborgh"
				}
			],
			"engines": {
				"node": ">=4.0"
			},
			"peerDependenciesMeta": {
				"debug": {
					"optional": true
				}
			}
		},
		"node_modules/@shapediver/sdk.geometry-api-sdk-v2/node_modules/form-data": {
			"version": "4.0.0",
			"resolved": "https://registry.npmjs.org/form-data/-/form-data-4.0.0.tgz",
			"integrity": "sha512-ETEklSGi5t0QMZuiXoA/Q6vcnxcLQP5vdugSpuAyi6SVGi2clPPp+xgEhuMaHC+zGgn31Kd235W35f7Hykkaww==",
			"dependencies": {
				"asynckit": "^0.4.0",
				"combined-stream": "^1.0.8",
				"mime-types": "^2.1.12"
			},
			"engines": {
				"node": ">= 6"
			}
		},
		"node_modules/@shapediver/sdk.geometry-api-sdk-v2/node_modules/mime-db": {
			"version": "1.52.0",
			"resolved": "https://registry.npmjs.org/mime-db/-/mime-db-1.52.0.tgz",
			"integrity": "sha512-sPU4uV7dYlvtWJxwwxHD0PuihVNiE7TyAbQ5SWxDCB9mUYvOgroQOwYQQOKPJ8CIbE+1ETVlOoK1UC2nU3gYvg==",
			"engines": {
				"node": ">= 0.6"
			}
		},
		"node_modules/@shapediver/sdk.geometry-api-sdk-v2/node_modules/mime-types": {
			"version": "2.1.35",
			"resolved": "https://registry.npmjs.org/mime-types/-/mime-types-2.1.35.tgz",
			"integrity": "sha512-ZDY+bPm5zTTF+YpCrAU9nK0UgICYPT0QtT1NZWFv4s++TNkcgVaT0g6+4R2uI4MjQjzysHB1zxuWL50hzaeXiw==",
			"dependencies": {
				"mime-db": "1.52.0"
			},
			"engines": {
				"node": ">= 0.6"
			}
		}
	},
	"dependencies": {
		"@shapediver/sdk.geometry-api-sdk-v2": {
			"version": "1.1.0",
			"resolved": "https://registry.npmjs.org/@shapediver/sdk.geometry-api-sdk-v2/-/sdk.geometry-api-sdk-v2-1.1.0.tgz",
			"integrity": "sha512-D8hxA+NXCem716eDQtKZuKj2wqtvNkGmvTLgyfE0H0IIg+6NqLPeQYfID+DDFshjzNmhDRiMD82Ypg18yWJFyQ==",
			"requires": {
				"@shapediver/api.geometry-api-dto-v2": "^1.2.0",
				"@shapediver/sdk.geometry-api-sdk-core": "^1.1.0"
			},
			"dependencies": {
				"@shapediver/api.geometry-api-dto-v2": {
					"version": "1.3.0",
					"resolved": "https://registry.npmjs.org/@shapediver/api.geometry-api-dto-v2/-/api.geometry-api-dto-v2-1.3.0.tgz",
					"integrity": "sha512-W6QYMi+Hq2E55uDxAqkzFDz9+gsCTw4BAUF5f02FX7OWOJPRri0B3KECtBahhCxtNfCPapkMBiAMmp5KM0OR4A=="
				},
				"@shapediver/sdk.geometry-api-sdk-core": {
					"version": "1.1.0",
					"resolved": "https://registry.npmjs.org/@shapediver/sdk.geometry-api-sdk-core/-/sdk.geometry-api-sdk-core-1.1.0.tgz",
					"integrity": "sha512-uxN4AlToIXqOzoWZihys+BYomWSavGwdn6lG/HxmD9jDUqEEhhBK3nekjjlK+3+nTfOZYDP/SAaglkm4VAYACQ==",
					"requires": {
						"axios": "^0.27.2"
					}
				},
				"asynckit": {
					"version": "0.4.0",
					"resolved": "https://registry.npmjs.org/asynckit/-/asynckit-0.4.0.tgz",
					"integrity": "sha512-Oei9OH4tRh0YqU3GxhX79dM/mwVgvbZJaSNaRk+bshkj0S5cfHcgYakreBjrHwatXKbz+IoIdYLxrKim2MjW0Q=="
				},
				"axios": {
					"version": "0.27.2",
					"resolved": "https://registry.npmjs.org/axios/-/axios-0.27.2.tgz",
					"integrity": "sha512-t+yRIyySRTp/wua5xEr+z1q60QmLq8ABsS5O9Me1AsE5dfKqgnCFzwiCZZ/cGNd1lq4/7akDWMxdhVlucjmnOQ==",
					"requires": {
						"follow-redirects": "^1.14.9",
						"form-data": "^4.0.0"
					}
				},
				"combined-stream": {
					"version": "1.0.8",
					"resolved": "https://registry.npmjs.org/combined-stream/-/combined-stream-1.0.8.tgz",
					"integrity": "sha512-FQN4MRfuJeHf7cBbBMJFXhKSDq+2kAArBlmRBvcvFE5BB1HZKXtSFASDhdlz9zOYwxh8lDdnvmMOe/+5cdoEdg==",
					"requires": {
						"delayed-stream": "~1.0.0"
					}
				},
				"delayed-stream": {
					"version": "1.0.0",
					"resolved": "https://registry.npmjs.org/delayed-stream/-/delayed-stream-1.0.0.tgz",
					"integrity": "sha512-ZySD7Nf91aLB0RxL4KGrKHBXl7Eds1DAmEdcoVawXnLD7SDhpNgtuII2aAkg7a7QS41jxPSZ17p4VdGnMHk3MQ=="
				},
				"follow-redirects": {
					"version": "1.15.2",
					"resolved": "https://registry.npmjs.org/follow-redirects/-/follow-redirects-1.15.2.tgz",
					"integrity": "sha512-VQLG33o04KaQ8uYi2tVNbdrWp1QWxNNea+nmIB4EVM28v0hmP17z7aG1+wAkNzVq4KeXTq3221ye5qTJP91JwA=="
				},
				"form-data": {
					"version": "4.0.0",
					"resolved": "https://registry.npmjs.org/form-data/-/form-data-4.0.0.tgz",
					"integrity": "sha512-ETEklSGi5t0QMZuiXoA/Q6vcnxcLQP5vdugSpuAyi6SVGi2clPPp+xgEhuMaHC+zGgn31Kd235W35f7Hykkaww==",
					"requires": {
						"asynckit": "^0.4.0",
						"combined-stream": "^1.0.8",
						"mime-types": "^2.1.12"
					}
				},
				"mime-db": {
					"version": "1.52.0",
					"resolved": "https://registry.npmjs.org/mime-db/-/mime-db-1.52.0.tgz",
					"integrity": "sha512-sPU4uV7dYlvtWJxwwxHD0PuihVNiE7TyAbQ5SWxDCB9mUYvOgroQOwYQQOKPJ8CIbE+1ETVlOoK1UC2nU3gYvg=="
				},
				"mime-types": {
					"version": "2.1.35",
					"resolved": "https://registry.npmjs.org/mime-types/-/mime-types-2.1.35.tgz",
					"integrity": "sha512-ZDY+bPm5zTTF+YpCrAU9nK0UgICYPT0QtT1NZWFv4s++TNkcgVaT0g6+4R2uI4MjQjzysHB1zxuWL50hzaeXiw==",
					"requires": {
						"mime-db": "1.52.0"
					}
				}
			}
		}
	}
}
