{
	"name": "@shapediver/viewer.session-engine.session-engine",
	"version": "1.12.1",
	"lockfileVersion": 2,
	"requires": true,
	"packages": {
		"": {
			"name": "@shapediver/viewer.session-engine.session-engine",
			"version": "1.10.15",
			"license": "polyform-noncommercial-1.0.0",
			"dependencies": {
				"@shapediver/sdk.geometry-api-sdk-v2": "^1.0.11"
			}
		},
		"node_modules/@shapediver/sdk.geometry-api-sdk-v2": {
			"version": "1.0.14",
			"resolved": "https://npm.pkg.github.com/download/@shapediver/sdk.geometry-api-sdk-v2/1.0.14/d805344ae10bac7d3cdddf5bca4f436f37ee467d8a2f079970b418a60adcb4a3",
			"integrity": "sha512-WjH/pwXBvOB9xvrXrfLIEsHdcW1muRt1G113V3ENFv0L0av4M4JWyDYNvyy4GHcUqyKrJ2ZiSI/YdaRxaPgz4Q==",
			"license": "ISC",
			"dependencies": {
				"@shapediver/api.geometry-api-dto-v2": "^1.1.5",
				"@shapediver/sdk.geometry-api-sdk-core": "^1.0.6"
			}
		},
		"node_modules/@shapediver/sdk.geometry-api-sdk-v2/node_modules/@shapediver/api.geometry-api-dto-v2": {
			"version": "1.1.5",
			"resolved": "https://npm.pkg.github.com/download/@shapediver/api.geometry-api-dto-v2/1.1.5/baf7062e24848eab8c00ce673c93e818aeda0c9da4f297245c1f60be075f05ca",
			"integrity": "sha512-wB7UBwfSHH9/JHNEb6KVxk2bnsVGS3rkWc5jP2ftZkUiUfVseCC0VJmggHF2QjrLh9fyQ0lOc8PfNPQ2fkAwBw==",
			"license": "ISC"
		},
		"node_modules/@shapediver/sdk.geometry-api-sdk-v2/node_modules/@shapediver/sdk.geometry-api-sdk-core": {
			"version": "1.0.6",
			"resolved": "https://npm.pkg.github.com/download/@shapediver/sdk.geometry-api-sdk-core/1.0.6/b9a0d0288a87eb0eb3300d4d368ad55f46a0593b2c4591d4199657b953c3704f",
			"integrity": "sha512-i/2qdQc2F02411TN1v4Tw+FMGVb519LXVDk3RQKs9PDT3j3HX0VTruQKGnhLDRIC1+zNIE7gd6a+Ii8RcjtK9A==",
			"license": "ISC",
			"dependencies": {
				"axios": "^0.24.0"
			}
		},
		"node_modules/@shapediver/sdk.geometry-api-sdk-v2/node_modules/axios": {
			"version": "0.24.0",
			"resolved": "https://registry.npmjs.org/axios/-/axios-0.24.0.tgz",
			"integrity": "sha512-Q6cWsys88HoPgAaFAVUb0WpPk0O8iTeisR9IMqy9G8AbO4NlpVknrnQS03zzF9PGAWgO3cgletO3VjV/P7VztA==",
			"dependencies": {
				"follow-redirects": "^1.14.4"
			}
		},
		"node_modules/@shapediver/sdk.geometry-api-sdk-v2/node_modules/follow-redirects": {
			"version": "1.14.6",
			"resolved": "https://registry.npmjs.org/follow-redirects/-/follow-redirects-1.14.6.tgz",
			"integrity": "sha512-fhUl5EwSJbbl8AR+uYL2KQDxLkdSjZGR36xy46AO7cOMTrCMON6Sa28FmAnC2tRTDbd/Uuzz3aJBv7EBN7JH8A==",
			"funding": [
				{
					"type": "individual",
					"url": "https://github.com/sponsors/RubenVerborgh"
				}
			],
			"engines": {
				"node": ">=4.0"
			},
			"peerDependenciesMeta": {
				"debug": {
					"optional": true
				}
			}
		}
	},
	"dependencies": {
		"@shapediver/sdk.geometry-api-sdk-v2": {
			"version": "1.0.14",
			"resolved": "https://npm.pkg.github.com/download/@shapediver/sdk.geometry-api-sdk-v2/1.0.14/d805344ae10bac7d3cdddf5bca4f436f37ee467d8a2f079970b418a60adcb4a3",
			"integrity": "sha512-WjH/pwXBvOB9xvrXrfLIEsHdcW1muRt1G113V3ENFv0L0av4M4JWyDYNvyy4GHcUqyKrJ2ZiSI/YdaRxaPgz4Q==",
			"requires": {
				"@shapediver/api.geometry-api-dto-v2": "^1.1.5",
				"@shapediver/sdk.geometry-api-sdk-core": "^1.0.6"
			},
			"dependencies": {
				"@shapediver/api.geometry-api-dto-v2": {
					"version": "1.1.5",
					"resolved": "https://npm.pkg.github.com/download/@shapediver/api.geometry-api-dto-v2/1.1.5/baf7062e24848eab8c00ce673c93e818aeda0c9da4f297245c1f60be075f05ca",
					"integrity": "sha512-wB7UBwfSHH9/JHNEb6KVxk2bnsVGS3rkWc5jP2ftZkUiUfVseCC0VJmggHF2QjrLh9fyQ0lOc8PfNPQ2fkAwBw=="
				},
				"@shapediver/sdk.geometry-api-sdk-core": {
					"version": "1.0.6",
					"resolved": "https://npm.pkg.github.com/download/@shapediver/sdk.geometry-api-sdk-core/1.0.6/b9a0d0288a87eb0eb3300d4d368ad55f46a0593b2c4591d4199657b953c3704f",
					"integrity": "sha512-i/2qdQc2F02411TN1v4Tw+FMGVb519LXVDk3RQKs9PDT3j3HX0VTruQKGnhLDRIC1+zNIE7gd6a+Ii8RcjtK9A==",
					"requires": {
						"axios": "^0.24.0"
					}
				},
				"axios": {
					"version": "0.24.0",
					"resolved": "https://registry.npmjs.org/axios/-/axios-0.24.0.tgz",
					"integrity": "sha512-Q6cWsys88HoPgAaFAVUb0WpPk0O8iTeisR9IMqy9G8AbO4NlpVknrnQS03zzF9PGAWgO3cgletO3VjV/P7VztA==",
					"requires": {
						"follow-redirects": "^1.14.4"
					}
				},
				"follow-redirects": {
					"version": "1.14.6",
					"resolved": "https://registry.npmjs.org/follow-redirects/-/follow-redirects-1.14.6.tgz",
					"integrity": "sha512-fhUl5EwSJbbl8AR+uYL2KQDxLkdSjZGR36xy46AO7cOMTrCMON6Sa28FmAnC2tRTDbd/Uuzz3aJBv7EBN7JH8A=="
				}
			}
		}
	}
}
