{
	"name": "@shapediver/viewer.session-engine.session-engine",
	"version": "1.11.12",
	"lockfileVersion": 2,
	"requires": true,
	"packages": {
		"": {
			"name": "@shapediver/viewer.session-engine.session-engine",
			"version": "1.11.12",
			"license": "polyform-noncommercial-1.0.0",
			"dependencies": {
				"@shapediver/sdk.geometry-api-sdk-v2": "^1.0.15",
				"@shapediver/viewer.data-engine.data-engine": "1.11.12",
				"@shapediver/viewer.shared.node-tree": "1.11.12",
				"@shapediver/viewer.shared.services": "1.11.12",
				"@shapediver/viewer.shared.types": "1.11.12",
				"axios": "^0.21.1",
				"gl-matrix": "3.3.0",
				"tsyringe": "^4.5.0"
			}
		},
		"node_modules/@ctrl/tinycolor": {
			"version": "3.4.0",
			"resolved": "https://registry.npmjs.org/@ctrl/tinycolor/-/tinycolor-3.4.0.tgz",
			"integrity": "sha512-JZButFdZ1+/xAfpguQHoabIXkcqRRKpMrWKBkpEZZyxfY9C1DpADFB8PEqGSTeFr135SaTRfKqGKx5xSCLI7ZQ==",
			"engines": {
				"node": ">=10"
			}
		},
		"node_modules/@hapi/hoek": {
			"version": "9.2.1",
			"resolved": "https://registry.npmjs.org/@hapi/hoek/-/hoek-9.2.1.tgz",
			"integrity": "sha512-gfta+H8aziZsm8pZa0vj04KO6biEiisppNgA1kbJvFrrWu9Vm7eaUEy76DIxsuTaWvti5fkJVhllWc6ZTE+Mdw=="
		},
		"node_modules/@hapi/topo": {
			"version": "5.1.0",
			"resolved": "https://registry.npmjs.org/@hapi/topo/-/topo-5.1.0.tgz",
			"integrity": "sha512-foQZKJig7Ob0BMAYBfcJk8d77QtOe7Wo4ox7ff1lQYoNNAb6jwcY1ncdoy2e9wQZzvNy7ODZCYJkK8kzmcAnAg==",
			"dependencies": {
				"@hapi/hoek": "^9.0.0"
			}
		},
		"node_modules/@sentry/browser": {
			"version": "6.17.8",
			"resolved": "https://registry.npmjs.org/@sentry/browser/-/browser-6.17.8.tgz",
			"integrity": "sha512-IvpcSja513PHySy1BhtE1K75kMzso4e4FWqZ2KgPLJacJdPMICNgjS+MwZ1g218m2JWkoQHOmWENBTqHaBHZ6g==",
			"dependencies": {
				"@sentry/core": "6.17.8",
				"@sentry/types": "6.17.8",
				"@sentry/utils": "6.17.8",
				"tslib": "^1.9.3"
			},
			"engines": {
				"node": ">=6"
			}
		},
		"node_modules/@sentry/core": {
			"version": "6.17.8",
			"resolved": "https://registry.npmjs.org/@sentry/core/-/core-6.17.8.tgz",
			"integrity": "sha512-4WTjgQom75Rvgn6XYy6e7vMIbWlj8utau1wWvr7kjqFKuuuuycRvPgVzAdVr4B3WDHHCInAZpUchsOLs2qwIEA==",
			"dependencies": {
				"@sentry/hub": "6.17.8",
				"@sentry/minimal": "6.17.8",
				"@sentry/types": "6.17.8",
				"@sentry/utils": "6.17.8",
				"tslib": "^1.9.3"
			},
			"engines": {
				"node": ">=6"
			}
		},
		"node_modules/@sentry/hub": {
			"version": "6.17.8",
			"resolved": "https://registry.npmjs.org/@sentry/hub/-/hub-6.17.8.tgz",
			"integrity": "sha512-GW0XYpkoQu/kSJaTLfsF4extHDOBPNRnT0qKr/YO20Z5wGxYp8LsdnAuU3njcFHcAV2F/QDTj2BPq1U385/4+A==",
			"dependencies": {
				"@sentry/types": "6.17.8",
				"@sentry/utils": "6.17.8",
				"tslib": "^1.9.3"
			},
			"engines": {
				"node": ">=6"
			}
		},
		"node_modules/@sentry/minimal": {
			"version": "6.17.8",
			"resolved": "https://registry.npmjs.org/@sentry/minimal/-/minimal-6.17.8.tgz",
			"integrity": "sha512-VJXFZBO/O8SViK0fdzodxpNr+pbpgczNgLpz/MNuSooV6EBesgCMVjXtxDUp1Ie1odc0GUprN/ZMLYBmYdIrKQ==",
			"dependencies": {
				"@sentry/hub": "6.17.8",
				"@sentry/types": "6.17.8",
				"tslib": "^1.9.3"
			},
			"engines": {
				"node": ">=6"
			}
		},
		"node_modules/@sentry/tracing": {
			"version": "6.17.8",
			"resolved": "https://registry.npmjs.org/@sentry/tracing/-/tracing-6.17.8.tgz",
			"integrity": "sha512-WJ3W8O6iPI3w7MrzTnYcw3s5PGBNFqT4b9oBCl5Ndjexs8DsGlQOxjrsipo36z6TpnRHpAE4FEbOETb2R8JRJQ==",
			"dependencies": {
				"@sentry/hub": "6.17.8",
				"@sentry/minimal": "6.17.8",
				"@sentry/types": "6.17.8",
				"@sentry/utils": "6.17.8",
				"tslib": "^1.9.3"
			},
			"engines": {
				"node": ">=6"
			}
		},
		"node_modules/@sentry/types": {
			"version": "6.17.8",
			"resolved": "https://registry.npmjs.org/@sentry/types/-/types-6.17.8.tgz",
			"integrity": "sha512-0i0f+dpvV62Pm5QMVBHNfEsTGIXoXRGQbeN2LGL4XbhzrzUmIrBPzrnZHv9c/JYtSJnI6A0B9OG7Bdlh3aku+Q==",
			"engines": {
				"node": ">=6"
			}
		},
		"node_modules/@sentry/utils": {
			"version": "6.17.8",
			"resolved": "https://registry.npmjs.org/@sentry/utils/-/utils-6.17.8.tgz",
			"integrity": "sha512-cAOM53A5FHv95hpDuXKJU8rI4B1XdZ6qe3Yo+/nDS9QDpOgzvyjcItgXPvKW1wUjdHCcnwu7VBfBxB7teYOW9g==",
			"dependencies": {
				"@sentry/types": "6.17.8",
				"tslib": "^1.9.3"
			},
			"engines": {
				"node": ">=6"
			}
		},
		"node_modules/@shapediver/api.geometry-api-dto-v2": {
			"version": "1.1.7",
			"resolved": "https://registry.npmjs.org/@shapediver/api.geometry-api-dto-v2/-/api.geometry-api-dto-v2-1.1.7.tgz",
			"integrity": "sha512-q25HjCkFX0ErA0AlyWK9RUHhbOvZ1GBPnAL4JX/QtI0RfHnYRsL532UMGxjQS9iiqlTXRqruV5f1o4h5k1MHGA=="
		},
		"node_modules/@shapediver/sdk.geometry-api-sdk-core": {
			"version": "1.0.9",
			"resolved": "https://registry.npmjs.org/@shapediver/sdk.geometry-api-sdk-core/-/sdk.geometry-api-sdk-core-1.0.9.tgz",
			"integrity": "sha512-ThJEjrcJr+mYybyjYWXylRmPP6SgaVkQXZai0BlmBhS5ce4X1ygPD9D/y1Hpt7xVe+baAwf0M9LD/qaSm53R8g==",
			"dependencies": {
				"axios": "^0.25.0"
			}
		},
		"node_modules/@shapediver/sdk.geometry-api-sdk-core/node_modules/axios": {
			"version": "0.25.0",
			"resolved": "https://registry.npmjs.org/axios/-/axios-0.25.0.tgz",
			"integrity": "sha512-cD8FOb0tRH3uuEe6+evtAbgJtfxr7ly3fQjYcMcuPlgkwVS9xboaVIpcDV+cYQe+yGykgwZCs1pzjntcGa6l5g==",
			"dependencies": {
				"follow-redirects": "^1.14.7"
			}
		},
		"node_modules/@shapediver/sdk.geometry-api-sdk-v2": {
			"version": "1.0.17",
			"resolved": "https://registry.npmjs.org/@shapediver/sdk.geometry-api-sdk-v2/-/sdk.geometry-api-sdk-v2-1.0.17.tgz",
			"integrity": "sha512-sCabgEdJ8GxFzi8hfLv9xhqW+ugH8yTplCsqck8MY6BFenrCX9o4GZbjMtrq2aSzASdsbm5TcbmHFa+88wjUOA==",
			"dependencies": {
				"@shapediver/api.geometry-api-dto-v2": "^1.1.7",
				"@shapediver/sdk.geometry-api-sdk-core": "^1.0.9"
			}
		},
		"node_modules/@shapediver/viewer.data-engine.data-engine": {
			"version": "1.11.12",
			"resolved": "https://registry.npmjs.org/@shapediver/viewer.data-engine.data-engine/-/viewer.data-engine.data-engine-1.11.12.tgz",
			"integrity": "sha512-SSlrCjiHI61+2noBgSVOYKoHeDoAaAq0qTGU2uGQydwq+Tc5JgkLNDH3PgOsix+1DQzDiXvDfyBTaAotlld9Bg==",
			"dependencies": {
				"@shapediver/sdk.geometry-api-sdk-v2": "^1.0.15",
				"@shapediver/viewer.data-engine.geometry-engine": "1.11.12",
				"@shapediver/viewer.data-engine.html-element-anchor-engine": "1.11.12",
				"@shapediver/viewer.data-engine.material-engine": "1.11.12",
				"@shapediver/viewer.data-engine.sdtf-engine": "1.11.12",
				"@shapediver/viewer.data-engine.tag3d-engine": "1.11.12",
				"@shapediver/viewer.shared.node-tree": "1.11.12",
				"@shapediver/viewer.shared.services": "1.11.12",
				"@shapediver/viewer.shared.types": "1.11.12",
				"gl-matrix": "3.3.0",
				"tsyringe": "^4.5.0"
			}
		},
		"node_modules/@shapediver/viewer.data-engine.geometry-engine": {
			"version": "1.11.12",
			"resolved": "https://registry.npmjs.org/@shapediver/viewer.data-engine.geometry-engine/-/viewer.data-engine.geometry-engine-1.11.12.tgz",
			"integrity": "sha512-ZjIS/l88lsL9Cr4Z1QIHvQTM9ZZ7MQFkkeyNqIh9Uf3iwq0ila4Rj6T+dTJOFPNsarLs9G5x1UjAcJqXuFe1GQ==",
			"dependencies": {
				"@shapediver/sdk.geometry-api-sdk-v2": "^1.0.15",
				"@shapediver/viewer.data-engine.material-engine": "1.11.12",
				"@shapediver/viewer.data-engine.shared-types": "1.11.12",
				"@shapediver/viewer.shared.build-data": "1.11.12",
				"@shapediver/viewer.shared.node-tree": "1.11.12",
				"@shapediver/viewer.shared.services": "1.11.12",
				"@shapediver/viewer.shared.types": "1.11.12",
				"gl-matrix": "3.3.0",
				"tsyringe": "^4.5.0"
			}
		},
		"node_modules/@shapediver/viewer.data-engine.html-element-anchor-engine": {
			"version": "1.11.12",
			"resolved": "https://registry.npmjs.org/@shapediver/viewer.data-engine.html-element-anchor-engine/-/viewer.data-engine.html-element-anchor-engine-1.11.12.tgz",
			"integrity": "sha512-liVNZp1w9gQlUzzkb+30qaeYe2iYIFsBjhuF7qeoCVewU6fuTBLZav8eh08zlE46E9XeLb9dZ2iHABZiYp3KHw==",
			"dependencies": {
				"@shapediver/sdk.geometry-api-sdk-v2": "^1.0.15",
				"@shapediver/viewer.data-engine.shared-types": "1.11.12",
				"@shapediver/viewer.shared.math": "1.11.12",
				"@shapediver/viewer.shared.node-tree": "1.11.12",
				"@shapediver/viewer.shared.services": "1.11.12",
				"@shapediver/viewer.shared.types": "1.11.12",
				"gl-matrix": "3.3.0",
				"tsyringe": "^4.5.0"
			}
		},
		"node_modules/@shapediver/viewer.data-engine.material-engine": {
			"version": "1.11.12",
			"resolved": "https://registry.npmjs.org/@shapediver/viewer.data-engine.material-engine/-/viewer.data-engine.material-engine-1.11.12.tgz",
			"integrity": "sha512-c6c4TLKI4A9j7BUx6Bx6VZVtuxexivR6AKplM7uQX7J7ouXpZs4zKYo418BSaYyCM+Yb0CjR61HR60gw3pBzrw==",
			"dependencies": {
				"@shapediver/sdk.geometry-api-sdk-v2": "^1.0.15",
				"@shapediver/viewer.data-engine.shared-types": "1.11.12",
				"@shapediver/viewer.shared.node-tree": "1.11.12",
				"@shapediver/viewer.shared.services": "1.11.12",
				"@shapediver/viewer.shared.types": "1.11.12",
				"gl-matrix": "3.3.0",
				"tsyringe": "^4.5.0"
			}
		},
		"node_modules/@shapediver/viewer.data-engine.sdtf-engine": {
			"version": "1.11.12",
			"resolved": "https://registry.npmjs.org/@shapediver/viewer.data-engine.sdtf-engine/-/viewer.data-engine.sdtf-engine-1.11.12.tgz",
			"integrity": "sha512-jp+yhyhJ9APaMzjqYqggH+dMvPmIxkXCUXxWnkdb43cSEkRBNN+S2LkqZMjWm8kS3t5BPgZAV7CoIHopnG7MeQ==",
			"dependencies": {
				"@shapediver/sdk.geometry-api-sdk-v2": "^1.0.15",
				"@shapediver/viewer.data-engine.shared-types": "1.11.12",
				"@shapediver/viewer.shared.build-data": "1.11.12",
				"@shapediver/viewer.shared.node-tree": "1.11.12",
				"@shapediver/viewer.shared.services": "1.11.12",
				"@shapediver/viewer.shared.types": "1.11.12",
				"gl-matrix": "3.3.0",
				"tsyringe": "^4.5.0"
			}
		},
		"node_modules/@shapediver/viewer.data-engine.shared-types": {
			"version": "1.11.12",
			"resolved": "https://registry.npmjs.org/@shapediver/viewer.data-engine.shared-types/-/viewer.data-engine.shared-types-1.11.12.tgz",
			"integrity": "sha512-YuQUSRzGG/ecgpUYNlikyQZ+gEt8WTmxcq320eJdYNqb//2UANrCqZtwBjx/mWMUug5cmSHd8sJZmanqSI6uQQ==",
			"dependencies": {
				"@shapediver/viewer.shared.services": "1.11.12",
				"@shapediver/viewer.shared.types": "1.11.12",
				"gl-matrix": "3.3.0",
				"tsyringe": "^4.5.0"
			}
		},
		"node_modules/@shapediver/viewer.data-engine.tag3d-engine": {
			"version": "1.11.12",
			"resolved": "https://registry.npmjs.org/@shapediver/viewer.data-engine.tag3d-engine/-/viewer.data-engine.tag3d-engine-1.11.12.tgz",
			"integrity": "sha512-HwpEdKf29zea/1T7x4ue5EO0eHmBMTovRFj6wHdVWkBEWaTHgytsBKgMQH9EqzrsFUKWLBf/yznAI32TdpMfCg==",
			"dependencies": {
				"@shapediver/sdk.geometry-api-sdk-v2": "^1.0.15",
				"@shapediver/viewer.data-engine.shared-types": "1.11.12",
				"@shapediver/viewer.shared.node-tree": "1.11.12",
				"@shapediver/viewer.shared.services": "1.11.12",
				"@shapediver/viewer.shared.types": "1.11.12",
				"gl-matrix": "3.3.0",
				"three": "^0.132.2",
				"tsyringe": "^4.5.0"
			}
		},
		"node_modules/@shapediver/viewer.settings": {
			"version": "0.1.35",
			"resolved": "https://registry.npmjs.org/@shapediver/viewer.settings/-/viewer.settings-0.1.35.tgz",
			"integrity": "sha512-X+zCXlB1Ohi8Y3k21eUi4ggZT+iMJd1WteL/23B3PjUuv9JwCUoika6zYwEisYGcz1d5xempVdXUYYE328Gh5A==",
			"dependencies": {
				"joi": "^17.4.2",
				"uuid": "^8.3.2"
			}
		},
		"node_modules/@shapediver/viewer.shared.build-data": {
			"version": "1.11.12",
			"resolved": "https://registry.npmjs.org/@shapediver/viewer.shared.build-data/-/viewer.shared.build-data-1.11.12.tgz",
			"integrity": "sha512-DtsV33QZ46hFMlHcWTFVNknDL0k4LpcQTIsgvjTbAetkbTXfdgBFiESYUqAdBUOI6+m7HitI93mw1pJ0/tS9ow=="
		},
		"node_modules/@shapediver/viewer.shared.math": {
			"version": "1.11.12",
			"resolved": "https://registry.npmjs.org/@shapediver/viewer.shared.math/-/viewer.shared.math-1.11.12.tgz",
			"integrity": "sha512-fgDlHd3cZXXcD3nrSnBrA19cLTLKQNN1zqgVWxVVxm3ziK8rW2Sk1cvzmh2X+m+UqdTUNrDqsT5DkZupK7UKUw==",
			"dependencies": {
				"@shapediver/viewer.shared.services": "1.11.12",
				"gl-matrix": "3.3.0",
				"tsyringe": "^4.5.0"
			}
		},
		"node_modules/@shapediver/viewer.shared.node-tree": {
			"version": "1.11.12",
			"resolved": "https://registry.npmjs.org/@shapediver/viewer.shared.node-tree/-/viewer.shared.node-tree-1.11.12.tgz",
			"integrity": "sha512-EYBY7lNdzgFXuyaEkQhoZcIHMsIbCurCttUP/I4iZePbpelx8RmD4QXJrU5vd+GhoQNIv2rRMRHohqz8UURuRg==",
			"dependencies": {
				"@shapediver/viewer.shared.math": "1.11.12",
				"@shapediver/viewer.shared.services": "1.11.12",
				"gl-matrix": "3.3.0",
				"tsyringe": "^4.5.0"
			}
		},
		"node_modules/@shapediver/viewer.shared.services": {
			"version": "1.11.12",
			"resolved": "https://registry.npmjs.org/@shapediver/viewer.shared.services/-/viewer.shared.services-1.11.12.tgz",
			"integrity": "sha512-U3/deNdWg2PJV+pc0lLgxTsZlf+OfTulPhke2d6b/syPLD1F5UKa0X+FXT7NVbugHsF/x2D0uv4CutFSFopLjw==",
			"dependencies": {
				"@ctrl/tinycolor": "^3.4.0",
				"@sentry/browser": "^6.7.2",
				"@sentry/tracing": "^6.7.2",
				"@shapediver/sdk.geometry-api-sdk-v2": "^1.0.15",
				"@shapediver/viewer.settings": "*",
				"@shapediver/viewer.shared.build-data": "1.11.12",
				"@types/dompurify": "^2.3.1",
				"@types/ua-parser-js": "^0.7.36",
				"@types/uuid": "^8.3.0",
				"axios": "^0.21.1",
				"dompurify": "^2.3.3",
				"gl-matrix": "3.3.0",
				"tsyringe": "^4.5.0",
				"ua-parser-js": "^0.7.28",
				"uuid": "^8.3.2"
			}
		},
		"node_modules/@shapediver/viewer.shared.types": {
			"version": "1.11.12",
			"resolved": "https://registry.npmjs.org/@shapediver/viewer.shared.types/-/viewer.shared.types-1.11.12.tgz",
			"integrity": "sha512-NJa1SBGjUeK5E2T9ODVHmOAr4Gt4L2xsrbIa/v8SEBlFnp8EJ71f1u7AQMKgSNQlL5/yte53GJ3XreG5FugqSQ==",
			"dependencies": {
				"@shapediver/viewer.shared.math": "1.11.12",
				"@shapediver/viewer.shared.node-tree": "1.11.12",
				"@shapediver/viewer.shared.services": "1.11.12",
				"gl-matrix": "3.3.0",
				"tsyringe": "^4.5.0"
			}
		},
		"node_modules/@sideway/address": {
			"version": "4.1.3",
			"resolved": "https://registry.npmjs.org/@sideway/address/-/address-4.1.3.tgz",
			"integrity": "sha512-8ncEUtmnTsMmL7z1YPB47kPUq7LpKWJNFPsRzHiIajGC5uXlWGn+AmkYPcHNl8S4tcEGx+cnORnNYaw2wvL+LQ==",
			"dependencies": {
				"@hapi/hoek": "^9.0.0"
			}
		},
		"node_modules/@sideway/formula": {
			"version": "3.0.0",
			"resolved": "https://registry.npmjs.org/@sideway/formula/-/formula-3.0.0.tgz",
			"integrity": "sha512-vHe7wZ4NOXVfkoRb8T5otiENVlT7a3IAiw7H5M2+GO+9CDgcVUUsX1zalAztCmwyOr2RUTGJdgB+ZvSVqmdHmg=="
		},
		"node_modules/@sideway/pinpoint": {
			"version": "2.0.0",
			"resolved": "https://registry.npmjs.org/@sideway/pinpoint/-/pinpoint-2.0.0.tgz",
			"integrity": "sha512-RNiOoTPkptFtSVzQevY/yWtZwf/RxyVnPy/OcA9HBM3MlGDnBEYL5B41H0MTn0Uec8Hi+2qUtTfG2WWZBmMejQ=="
		},
		"node_modules/@types/dompurify": {
			"version": "2.3.3",
			"resolved": "https://registry.npmjs.org/@types/dompurify/-/dompurify-2.3.3.tgz",
			"integrity": "sha512-nnVQSgRVuZ/843oAfhA25eRSNzUFcBPk/LOiw5gm8mD9/X7CNcbRkQu/OsjCewO8+VIYfPxUnXvPEVGenw14+w==",
			"dependencies": {
				"@types/trusted-types": "*"
			}
		},
		"node_modules/@types/trusted-types": {
			"version": "2.0.2",
			"resolved": "https://registry.npmjs.org/@types/trusted-types/-/trusted-types-2.0.2.tgz",
			"integrity": "sha512-F5DIZ36YVLE+PN+Zwws4kJogq47hNgX3Nx6WyDJ3kcplxyke3XIzB8uK5n/Lpm1HBsbGzd6nmGehL8cPekP+Tg=="
		},
		"node_modules/@types/ua-parser-js": {
			"version": "0.7.36",
			"resolved": "https://registry.npmjs.org/@types/ua-parser-js/-/ua-parser-js-0.7.36.tgz",
			"integrity": "sha512-N1rW+njavs70y2cApeIw1vLMYXRwfBy+7trgavGuuTfOd7j1Yh7QTRc/yqsPl6ncokt72ZXuxEU0PiCp9bSwNQ=="
		},
		"node_modules/@types/uuid": {
			"version": "8.3.4",
			"resolved": "https://registry.npmjs.org/@types/uuid/-/uuid-8.3.4.tgz",
			"integrity": "sha512-c/I8ZRb51j+pYGAu5CrFMRxqZ2ke4y2grEBO5AUjgSkSk+qT2Ea+OdWElz/OiMf5MNpn2b17kuVBwZLQJXzihw=="
		},
		"node_modules/axios": {
			"version": "0.21.4",
			"resolved": "https://registry.npmjs.org/axios/-/axios-0.21.4.tgz",
			"integrity": "sha512-ut5vewkiu8jjGBdqpM44XxjuCjq9LAKeHVmoVfHVzy8eHgxxq8SbAVQNovDA8mVi05kP0Ea/n/UzcSHcTJQfNg==",
			"dependencies": {
				"follow-redirects": "^1.14.0"
			}
		},
		"node_modules/dompurify": {
			"version": "2.3.5",
			"resolved": "https://registry.npmjs.org/dompurify/-/dompurify-2.3.5.tgz",
			"integrity": "sha512-kD+f8qEaa42+mjdOpKeztu9Mfx5bv9gVLO6K9jRx4uGvh6Wv06Srn4jr1wPNY2OOUGGSKHNFN+A8MA3v0E0QAQ=="
		},
		"node_modules/follow-redirects": {
			"version": "1.14.8",
			"resolved": "https://registry.npmjs.org/follow-redirects/-/follow-redirects-1.14.8.tgz",
			"integrity": "sha512-1x0S9UVJHsQprFcEC/qnNzBLcIxsjAV905f/UkQxbclCsoTWlacCNOpQa/anodLl2uaEKFhfWOvM2Qg77+15zA==",
			"funding": [
				{
					"type": "individual",
					"url": "https://github.com/sponsors/RubenVerborgh"
				}
			],
			"engines": {
				"node": ">=4.0"
			},
			"peerDependenciesMeta": {
				"debug": {
					"optional": true
				}
			}
		},
		"node_modules/gl-matrix": {
			"version": "3.3.0",
			"resolved": "https://registry.npmjs.org/gl-matrix/-/gl-matrix-3.3.0.tgz",
			"integrity": "sha512-COb7LDz+SXaHtl/h4LeaFcNdJdAQSDeVqjiIihSXNrkWObZLhDI4hIkZC11Aeqp7bcE72clzB0BnDXr2SmslRA=="
		},
		"node_modules/joi": {
			"version": "17.6.0",
			"resolved": "https://registry.npmjs.org/joi/-/joi-17.6.0.tgz",
			"integrity": "sha512-OX5dG6DTbcr/kbMFj0KGYxuew69HPcAE3K/sZpEV2nP6e/j/C0HV+HNiBPCASxdx5T7DMoa0s8UeHWMnb6n2zw==",
			"dependencies": {
				"@hapi/hoek": "^9.0.0",
				"@hapi/topo": "^5.0.0",
				"@sideway/address": "^4.1.3",
				"@sideway/formula": "^3.0.0",
				"@sideway/pinpoint": "^2.0.0"
			}
		},
		"node_modules/three": {
			"version": "0.132.2",
			"resolved": "https://registry.npmjs.org/three/-/three-0.132.2.tgz",
			"integrity": "sha512-0wcR7LxxkXMn6Gi58gEs3QvY8WpTVXA31L2VOvpjm4ZPYFRHCZC13UqynheFoS5OXDYgtBneN0dhbaNBE8iLhQ=="
		},
		"node_modules/tslib": {
			"version": "1.14.1",
			"resolved": "https://registry.npmjs.org/tslib/-/tslib-1.14.1.tgz",
			"integrity": "sha512-Xni35NKzjgMrwevysHTCArtLDpPvye8zV/0E4EyYn43P7/7qvQwPh9BGkHewbMulVntbigmcT7rdX3BNo9wRJg=="
		},
		"node_modules/tsyringe": {
			"version": "4.6.0",
			"resolved": "https://registry.npmjs.org/tsyringe/-/tsyringe-4.6.0.tgz",
			"integrity": "sha512-BMQAZamSfEmIQzH8WJeRu1yZGQbPSDuI9g+yEiKZFIcO46GPZuMOC2d0b52cVBdw1d++06JnDSIIZvEnogMdAw==",
			"dependencies": {
				"tslib": "^1.9.3"
			},
			"engines": {
				"node": ">= 6.0.0"
			}
		},
		"node_modules/ua-parser-js": {
			"version": "0.7.31",
			"resolved": "https://registry.npmjs.org/ua-parser-js/-/ua-parser-js-0.7.31.tgz",
			"integrity": "sha512-qLK/Xe9E2uzmYI3qLeOmI0tEOt+TBBQyUIAh4aAgU05FVYzeZrKUdkAZfBNVGRaHVgV0TDkdEngJSw/SyQchkQ==",
			"funding": [
				{
					"type": "opencollective",
					"url": "https://opencollective.com/ua-parser-js"
				},
				{
					"type": "paypal",
					"url": "https://paypal.me/faisalman"
				}
			],
			"engines": {
				"node": "*"
			}
		},
		"node_modules/uuid": {
			"version": "8.3.2",
			"resolved": "https://registry.npmjs.org/uuid/-/uuid-8.3.2.tgz",
			"integrity": "sha512-+NYs2QeMWy+GWFOEm9xnn6HCDp0l7QBD7ml8zLUmJ+93Q5NF0NocErnwkTkXVFNiX3/fpC6afS8Dhb/gz7R7eg==",
			"bin": {
				"uuid": "dist/bin/uuid"
			}
		}
	},
	"dependencies": {
		"@ctrl/tinycolor": {
			"version": "3.4.0",
			"resolved": "https://registry.npmjs.org/@ctrl/tinycolor/-/tinycolor-3.4.0.tgz",
			"integrity": "sha512-JZButFdZ1+/xAfpguQHoabIXkcqRRKpMrWKBkpEZZyxfY9C1DpADFB8PEqGSTeFr135SaTRfKqGKx5xSCLI7ZQ=="
		},
		"@hapi/hoek": {
			"version": "9.2.1",
			"resolved": "https://registry.npmjs.org/@hapi/hoek/-/hoek-9.2.1.tgz",
			"integrity": "sha512-gfta+H8aziZsm8pZa0vj04KO6biEiisppNgA1kbJvFrrWu9Vm7eaUEy76DIxsuTaWvti5fkJVhllWc6ZTE+Mdw=="
		},
		"@hapi/topo": {
			"version": "5.1.0",
			"resolved": "https://registry.npmjs.org/@hapi/topo/-/topo-5.1.0.tgz",
			"integrity": "sha512-foQZKJig7Ob0BMAYBfcJk8d77QtOe7Wo4ox7ff1lQYoNNAb6jwcY1ncdoy2e9wQZzvNy7ODZCYJkK8kzmcAnAg==",
			"requires": {
				"@hapi/hoek": "^9.0.0"
			}
		},
		"@sentry/browser": {
			"version": "6.17.8",
			"resolved": "https://registry.npmjs.org/@sentry/browser/-/browser-6.17.8.tgz",
			"integrity": "sha512-IvpcSja513PHySy1BhtE1K75kMzso4e4FWqZ2KgPLJacJdPMICNgjS+MwZ1g218m2JWkoQHOmWENBTqHaBHZ6g==",
			"requires": {
				"@sentry/core": "6.17.8",
				"@sentry/types": "6.17.8",
				"@sentry/utils": "6.17.8",
				"tslib": "^1.9.3"
			}
		},
		"@sentry/core": {
			"version": "6.17.8",
			"resolved": "https://registry.npmjs.org/@sentry/core/-/core-6.17.8.tgz",
			"integrity": "sha512-4WTjgQom75Rvgn6XYy6e7vMIbWlj8utau1wWvr7kjqFKuuuuycRvPgVzAdVr4B3WDHHCInAZpUchsOLs2qwIEA==",
			"requires": {
				"@sentry/hub": "6.17.8",
				"@sentry/minimal": "6.17.8",
				"@sentry/types": "6.17.8",
				"@sentry/utils": "6.17.8",
				"tslib": "^1.9.3"
			}
		},
		"@sentry/hub": {
			"version": "6.17.8",
			"resolved": "https://registry.npmjs.org/@sentry/hub/-/hub-6.17.8.tgz",
			"integrity": "sha512-GW0XYpkoQu/kSJaTLfsF4extHDOBPNRnT0qKr/YO20Z5wGxYp8LsdnAuU3njcFHcAV2F/QDTj2BPq1U385/4+A==",
			"requires": {
				"@sentry/types": "6.17.8",
				"@sentry/utils": "6.17.8",
				"tslib": "^1.9.3"
			}
		},
		"@sentry/minimal": {
			"version": "6.17.8",
			"resolved": "https://registry.npmjs.org/@sentry/minimal/-/minimal-6.17.8.tgz",
			"integrity": "sha512-VJXFZBO/O8SViK0fdzodxpNr+pbpgczNgLpz/MNuSooV6EBesgCMVjXtxDUp1Ie1odc0GUprN/ZMLYBmYdIrKQ==",
			"requires": {
				"@sentry/hub": "6.17.8",
				"@sentry/types": "6.17.8",
				"tslib": "^1.9.3"
			}
		},
		"@sentry/tracing": {
			"version": "6.17.8",
			"resolved": "https://registry.npmjs.org/@sentry/tracing/-/tracing-6.17.8.tgz",
			"integrity": "sha512-WJ3W8O6iPI3w7MrzTnYcw3s5PGBNFqT4b9oBCl5Ndjexs8DsGlQOxjrsipo36z6TpnRHpAE4FEbOETb2R8JRJQ==",
			"requires": {
				"@sentry/hub": "6.17.8",
				"@sentry/minimal": "6.17.8",
				"@sentry/types": "6.17.8",
				"@sentry/utils": "6.17.8",
				"tslib": "^1.9.3"
			}
		},
		"@sentry/types": {
			"version": "6.17.8",
			"resolved": "https://registry.npmjs.org/@sentry/types/-/types-6.17.8.tgz",
			"integrity": "sha512-0i0f+dpvV62Pm5QMVBHNfEsTGIXoXRGQbeN2LGL4XbhzrzUmIrBPzrnZHv9c/JYtSJnI6A0B9OG7Bdlh3aku+Q=="
		},
		"@sentry/utils": {
			"version": "6.17.8",
			"resolved": "https://registry.npmjs.org/@sentry/utils/-/utils-6.17.8.tgz",
			"integrity": "sha512-cAOM53A5FHv95hpDuXKJU8rI4B1XdZ6qe3Yo+/nDS9QDpOgzvyjcItgXPvKW1wUjdHCcnwu7VBfBxB7teYOW9g==",
			"requires": {
				"@sentry/types": "6.17.8",
				"tslib": "^1.9.3"
			}
		},
		"@shapediver/api.geometry-api-dto-v2": {
			"version": "1.1.7",
			"resolved": "https://registry.npmjs.org/@shapediver/api.geometry-api-dto-v2/-/api.geometry-api-dto-v2-1.1.7.tgz",
			"integrity": "sha512-q25HjCkFX0ErA0AlyWK9RUHhbOvZ1GBPnAL4JX/QtI0RfHnYRsL532UMGxjQS9iiqlTXRqruV5f1o4h5k1MHGA=="
		},
		"@shapediver/sdk.geometry-api-sdk-core": {
			"version": "1.0.9",
			"resolved": "https://registry.npmjs.org/@shapediver/sdk.geometry-api-sdk-core/-/sdk.geometry-api-sdk-core-1.0.9.tgz",
			"integrity": "sha512-ThJEjrcJr+mYybyjYWXylRmPP6SgaVkQXZai0BlmBhS5ce4X1ygPD9D/y1Hpt7xVe+baAwf0M9LD/qaSm53R8g==",
			"requires": {
				"axios": "^0.25.0"
			},
			"dependencies": {
				"axios": {
					"version": "0.25.0",
					"resolved": "https://registry.npmjs.org/axios/-/axios-0.25.0.tgz",
					"integrity": "sha512-cD8FOb0tRH3uuEe6+evtAbgJtfxr7ly3fQjYcMcuPlgkwVS9xboaVIpcDV+cYQe+yGykgwZCs1pzjntcGa6l5g==",
					"requires": {
						"follow-redirects": "^1.14.7"
					}
				}
			}
		},
		"@shapediver/sdk.geometry-api-sdk-v2": {
			"version": "1.0.17",
			"resolved": "https://registry.npmjs.org/@shapediver/sdk.geometry-api-sdk-v2/-/sdk.geometry-api-sdk-v2-1.0.17.tgz",
			"integrity": "sha512-sCabgEdJ8GxFzi8hfLv9xhqW+ugH8yTplCsqck8MY6BFenrCX9o4GZbjMtrq2aSzASdsbm5TcbmHFa+88wjUOA==",
			"requires": {
				"@shapediver/api.geometry-api-dto-v2": "^1.1.7",
				"@shapediver/sdk.geometry-api-sdk-core": "^1.0.9"
			}
		},
		"@shapediver/viewer.data-engine.data-engine": {
			"version": "1.11.12",
			"resolved": "https://registry.npmjs.org/@shapediver/viewer.data-engine.data-engine/-/viewer.data-engine.data-engine-1.11.12.tgz",
			"integrity": "sha512-SSlrCjiHI61+2noBgSVOYKoHeDoAaAq0qTGU2uGQydwq+Tc5JgkLNDH3PgOsix+1DQzDiXvDfyBTaAotlld9Bg==",
			"requires": {
				"@shapediver/sdk.geometry-api-sdk-v2": "^1.0.15",
				"@shapediver/viewer.data-engine.geometry-engine": "1.11.12",
				"@shapediver/viewer.data-engine.html-element-anchor-engine": "1.11.12",
				"@shapediver/viewer.data-engine.material-engine": "1.11.12",
				"@shapediver/viewer.data-engine.sdtf-engine": "1.11.12",
				"@shapediver/viewer.data-engine.tag3d-engine": "1.11.12",
				"@shapediver/viewer.shared.node-tree": "1.11.12",
				"@shapediver/viewer.shared.services": "1.11.12",
				"@shapediver/viewer.shared.types": "1.11.12",
				"gl-matrix": "3.3.0",
				"tsyringe": "^4.5.0"
			}
		},
		"@shapediver/viewer.data-engine.geometry-engine": {
			"version": "1.11.12",
			"resolved": "https://registry.npmjs.org/@shapediver/viewer.data-engine.geometry-engine/-/viewer.data-engine.geometry-engine-1.11.12.tgz",
			"integrity": "sha512-ZjIS/l88lsL9Cr4Z1QIHvQTM9ZZ7MQFkkeyNqIh9Uf3iwq0ila4Rj6T+dTJOFPNsarLs9G5x1UjAcJqXuFe1GQ==",
			"requires": {
				"@shapediver/sdk.geometry-api-sdk-v2": "^1.0.15",
				"@shapediver/viewer.data-engine.material-engine": "1.11.12",
				"@shapediver/viewer.data-engine.shared-types": "1.11.12",
				"@shapediver/viewer.shared.build-data": "1.11.12",
				"@shapediver/viewer.shared.node-tree": "1.11.12",
				"@shapediver/viewer.shared.services": "1.11.12",
				"@shapediver/viewer.shared.types": "1.11.12",
				"gl-matrix": "3.3.0",
				"tsyringe": "^4.5.0"
			}
		},
		"@shapediver/viewer.data-engine.html-element-anchor-engine": {
			"version": "1.11.12",
			"resolved": "https://registry.npmjs.org/@shapediver/viewer.data-engine.html-element-anchor-engine/-/viewer.data-engine.html-element-anchor-engine-1.11.12.tgz",
			"integrity": "sha512-liVNZp1w9gQlUzzkb+30qaeYe2iYIFsBjhuF7qeoCVewU6fuTBLZav8eh08zlE46E9XeLb9dZ2iHABZiYp3KHw==",
			"requires": {
				"@shapediver/sdk.geometry-api-sdk-v2": "^1.0.15",
				"@shapediver/viewer.data-engine.shared-types": "1.11.12",
				"@shapediver/viewer.shared.math": "1.11.12",
				"@shapediver/viewer.shared.node-tree": "1.11.12",
				"@shapediver/viewer.shared.services": "1.11.12",
				"@shapediver/viewer.shared.types": "1.11.12",
				"gl-matrix": "3.3.0",
				"tsyringe": "^4.5.0"
			}
		},
		"@shapediver/viewer.data-engine.material-engine": {
			"version": "1.11.12",
			"resolved": "https://registry.npmjs.org/@shapediver/viewer.data-engine.material-engine/-/viewer.data-engine.material-engine-1.11.12.tgz",
			"integrity": "sha512-c6c4TLKI4A9j7BUx6Bx6VZVtuxexivR6AKplM7uQX7J7ouXpZs4zKYo418BSaYyCM+Yb0CjR61HR60gw3pBzrw==",
			"requires": {
				"@shapediver/sdk.geometry-api-sdk-v2": "^1.0.15",
				"@shapediver/viewer.data-engine.shared-types": "1.11.12",
				"@shapediver/viewer.shared.node-tree": "1.11.12",
				"@shapediver/viewer.shared.services": "1.11.12",
				"@shapediver/viewer.shared.types": "1.11.12",
				"gl-matrix": "3.3.0",
				"tsyringe": "^4.5.0"
			}
		},
		"@shapediver/viewer.data-engine.sdtf-engine": {
			"version": "1.11.12",
			"resolved": "https://registry.npmjs.org/@shapediver/viewer.data-engine.sdtf-engine/-/viewer.data-engine.sdtf-engine-1.11.12.tgz",
			"integrity": "sha512-jp+yhyhJ9APaMzjqYqggH+dMvPmIxkXCUXxWnkdb43cSEkRBNN+S2LkqZMjWm8kS3t5BPgZAV7CoIHopnG7MeQ==",
			"requires": {
				"@shapediver/sdk.geometry-api-sdk-v2": "^1.0.15",
				"@shapediver/viewer.data-engine.shared-types": "1.11.12",
				"@shapediver/viewer.shared.build-data": "1.11.12",
				"@shapediver/viewer.shared.node-tree": "1.11.12",
				"@shapediver/viewer.shared.services": "1.11.12",
				"@shapediver/viewer.shared.types": "1.11.12",
				"gl-matrix": "3.3.0",
				"tsyringe": "^4.5.0"
			}
		},
		"@shapediver/viewer.data-engine.shared-types": {
			"version": "1.11.12",
			"resolved": "https://registry.npmjs.org/@shapediver/viewer.data-engine.shared-types/-/viewer.data-engine.shared-types-1.11.12.tgz",
			"integrity": "sha512-YuQUSRzGG/ecgpUYNlikyQZ+gEt8WTmxcq320eJdYNqb//2UANrCqZtwBjx/mWMUug5cmSHd8sJZmanqSI6uQQ==",
			"requires": {
				"@shapediver/viewer.shared.services": "1.11.12",
				"@shapediver/viewer.shared.types": "1.11.12",
				"gl-matrix": "3.3.0",
				"tsyringe": "^4.5.0"
			}
		},
		"@shapediver/viewer.data-engine.tag3d-engine": {
			"version": "1.11.12",
			"resolved": "https://registry.npmjs.org/@shapediver/viewer.data-engine.tag3d-engine/-/viewer.data-engine.tag3d-engine-1.11.12.tgz",
			"integrity": "sha512-HwpEdKf29zea/1T7x4ue5EO0eHmBMTovRFj6wHdVWkBEWaTHgytsBKgMQH9EqzrsFUKWLBf/yznAI32TdpMfCg==",
			"requires": {
				"@shapediver/sdk.geometry-api-sdk-v2": "^1.0.15",
				"@shapediver/viewer.data-engine.shared-types": "1.11.12",
				"@shapediver/viewer.shared.node-tree": "1.11.12",
				"@shapediver/viewer.shared.services": "1.11.12",
				"@shapediver/viewer.shared.types": "1.11.12",
				"gl-matrix": "3.3.0",
				"three": "^0.132.2",
				"tsyringe": "^4.5.0"
			}
		},
		"@shapediver/viewer.settings": {
			"version": "0.1.35",
			"resolved": "https://registry.npmjs.org/@shapediver/viewer.settings/-/viewer.settings-0.1.35.tgz",
			"integrity": "sha512-X+zCXlB1Ohi8Y3k21eUi4ggZT+iMJd1WteL/23B3PjUuv9JwCUoika6zYwEisYGcz1d5xempVdXUYYE328Gh5A==",
			"requires": {
				"joi": "^17.4.2",
				"uuid": "^8.3.2"
			}
		},
		"@shapediver/viewer.shared.build-data": {
			"version": "1.11.12",
			"resolved": "https://registry.npmjs.org/@shapediver/viewer.shared.build-data/-/viewer.shared.build-data-1.11.12.tgz",
			"integrity": "sha512-DtsV33QZ46hFMlHcWTFVNknDL0k4LpcQTIsgvjTbAetkbTXfdgBFiESYUqAdBUOI6+m7HitI93mw1pJ0/tS9ow=="
		},
		"@shapediver/viewer.shared.math": {
			"version": "1.11.12",
			"resolved": "https://registry.npmjs.org/@shapediver/viewer.shared.math/-/viewer.shared.math-1.11.12.tgz",
			"integrity": "sha512-fgDlHd3cZXXcD3nrSnBrA19cLTLKQNN1zqgVWxVVxm3ziK8rW2Sk1cvzmh2X+m+UqdTUNrDqsT5DkZupK7UKUw==",
			"requires": {
				"@shapediver/viewer.shared.services": "1.11.12",
				"gl-matrix": "3.3.0",
				"tsyringe": "^4.5.0"
			}
		},
		"@shapediver/viewer.shared.node-tree": {
			"version": "1.11.12",
			"resolved": "https://registry.npmjs.org/@shapediver/viewer.shared.node-tree/-/viewer.shared.node-tree-1.11.12.tgz",
			"integrity": "sha512-EYBY7lNdzgFXuyaEkQhoZcIHMsIbCurCttUP/I4iZePbpelx8RmD4QXJrU5vd+GhoQNIv2rRMRHohqz8UURuRg==",
			"requires": {
				"@shapediver/viewer.shared.math": "1.11.12",
				"@shapediver/viewer.shared.services": "1.11.12",
				"gl-matrix": "3.3.0",
				"tsyringe": "^4.5.0"
			}
		},
		"@shapediver/viewer.shared.services": {
			"version": "1.11.12",
			"resolved": "https://registry.npmjs.org/@shapediver/viewer.shared.services/-/viewer.shared.services-1.11.12.tgz",
			"integrity": "sha512-U3/deNdWg2PJV+pc0lLgxTsZlf+OfTulPhke2d6b/syPLD1F5UKa0X+FXT7NVbugHsF/x2D0uv4CutFSFopLjw==",
			"requires": {
				"@ctrl/tinycolor": "^3.4.0",
				"@sentry/browser": "^6.7.2",
				"@sentry/tracing": "^6.7.2",
				"@shapediver/sdk.geometry-api-sdk-v2": "^1.0.15",
				"@shapediver/viewer.settings": "*",
				"@shapediver/viewer.shared.build-data": "1.11.12",
				"@types/dompurify": "^2.3.1",
				"@types/ua-parser-js": "^0.7.36",
				"@types/uuid": "^8.3.0",
				"axios": "^0.21.1",
				"dompurify": "^2.3.3",
				"gl-matrix": "3.3.0",
				"tsyringe": "^4.5.0",
				"ua-parser-js": "^0.7.28",
				"uuid": "^8.3.2"
			}
		},
		"@shapediver/viewer.shared.types": {
			"version": "1.11.12",
			"resolved": "https://registry.npmjs.org/@shapediver/viewer.shared.types/-/viewer.shared.types-1.11.12.tgz",
			"integrity": "sha512-NJa1SBGjUeK5E2T9ODVHmOAr4Gt4L2xsrbIa/v8SEBlFnp8EJ71f1u7AQMKgSNQlL5/yte53GJ3XreG5FugqSQ==",
			"requires": {
				"@shapediver/viewer.shared.math": "1.11.12",
				"@shapediver/viewer.shared.node-tree": "1.11.12",
				"@shapediver/viewer.shared.services": "1.11.12",
				"gl-matrix": "3.3.0",
				"tsyringe": "^4.5.0"
			}
		},
		"@sideway/address": {
			"version": "4.1.3",
			"resolved": "https://registry.npmjs.org/@sideway/address/-/address-4.1.3.tgz",
			"integrity": "sha512-8ncEUtmnTsMmL7z1YPB47kPUq7LpKWJNFPsRzHiIajGC5uXlWGn+AmkYPcHNl8S4tcEGx+cnORnNYaw2wvL+LQ==",
			"requires": {
				"@hapi/hoek": "^9.0.0"
			}
		},
		"@sideway/formula": {
			"version": "3.0.0",
			"resolved": "https://registry.npmjs.org/@sideway/formula/-/formula-3.0.0.tgz",
			"integrity": "sha512-vHe7wZ4NOXVfkoRb8T5otiENVlT7a3IAiw7H5M2+GO+9CDgcVUUsX1zalAztCmwyOr2RUTGJdgB+ZvSVqmdHmg=="
		},
		"@sideway/pinpoint": {
			"version": "2.0.0",
			"resolved": "https://registry.npmjs.org/@sideway/pinpoint/-/pinpoint-2.0.0.tgz",
			"integrity": "sha512-RNiOoTPkptFtSVzQevY/yWtZwf/RxyVnPy/OcA9HBM3MlGDnBEYL5B41H0MTn0Uec8Hi+2qUtTfG2WWZBmMejQ=="
		},
		"@types/dompurify": {
			"version": "2.3.3",
			"resolved": "https://registry.npmjs.org/@types/dompurify/-/dompurify-2.3.3.tgz",
			"integrity": "sha512-nnVQSgRVuZ/843oAfhA25eRSNzUFcBPk/LOiw5gm8mD9/X7CNcbRkQu/OsjCewO8+VIYfPxUnXvPEVGenw14+w==",
			"requires": {
				"@types/trusted-types": "*"
			}
		},
		"@types/trusted-types": {
			"version": "2.0.2",
			"resolved": "https://registry.npmjs.org/@types/trusted-types/-/trusted-types-2.0.2.tgz",
			"integrity": "sha512-F5DIZ36YVLE+PN+Zwws4kJogq47hNgX3Nx6WyDJ3kcplxyke3XIzB8uK5n/Lpm1HBsbGzd6nmGehL8cPekP+Tg=="
		},
		"@types/ua-parser-js": {
			"version": "0.7.36",
			"resolved": "https://registry.npmjs.org/@types/ua-parser-js/-/ua-parser-js-0.7.36.tgz",
			"integrity": "sha512-N1rW+njavs70y2cApeIw1vLMYXRwfBy+7trgavGuuTfOd7j1Yh7QTRc/yqsPl6ncokt72ZXuxEU0PiCp9bSwNQ=="
		},
		"@types/uuid": {
			"version": "8.3.4",
			"resolved": "https://registry.npmjs.org/@types/uuid/-/uuid-8.3.4.tgz",
			"integrity": "sha512-c/I8ZRb51j+pYGAu5CrFMRxqZ2ke4y2grEBO5AUjgSkSk+qT2Ea+OdWElz/OiMf5MNpn2b17kuVBwZLQJXzihw=="
		},
		"axios": {
			"version": "0.21.4",
			"resolved": "https://registry.npmjs.org/axios/-/axios-0.21.4.tgz",
			"integrity": "sha512-ut5vewkiu8jjGBdqpM44XxjuCjq9LAKeHVmoVfHVzy8eHgxxq8SbAVQNovDA8mVi05kP0Ea/n/UzcSHcTJQfNg==",
			"requires": {
				"follow-redirects": "^1.14.0"
			}
		},
		"dompurify": {
			"version": "2.3.5",
			"resolved": "https://registry.npmjs.org/dompurify/-/dompurify-2.3.5.tgz",
			"integrity": "sha512-kD+f8qEaa42+mjdOpKeztu9Mfx5bv9gVLO6K9jRx4uGvh6Wv06Srn4jr1wPNY2OOUGGSKHNFN+A8MA3v0E0QAQ=="
		},
		"follow-redirects": {
			"version": "1.14.8",
			"resolved": "https://registry.npmjs.org/follow-redirects/-/follow-redirects-1.14.8.tgz",
			"integrity": "sha512-1x0S9UVJHsQprFcEC/qnNzBLcIxsjAV905f/UkQxbclCsoTWlacCNOpQa/anodLl2uaEKFhfWOvM2Qg77+15zA=="
		},
		"gl-matrix": {
			"version": "3.3.0",
			"resolved": "https://registry.npmjs.org/gl-matrix/-/gl-matrix-3.3.0.tgz",
			"integrity": "sha512-COb7LDz+SXaHtl/h4LeaFcNdJdAQSDeVqjiIihSXNrkWObZLhDI4hIkZC11Aeqp7bcE72clzB0BnDXr2SmslRA=="
		},
		"joi": {
			"version": "17.6.0",
			"resolved": "https://registry.npmjs.org/joi/-/joi-17.6.0.tgz",
			"integrity": "sha512-OX5dG6DTbcr/kbMFj0KGYxuew69HPcAE3K/sZpEV2nP6e/j/C0HV+HNiBPCASxdx5T7DMoa0s8UeHWMnb6n2zw==",
			"requires": {
				"@hapi/hoek": "^9.0.0",
				"@hapi/topo": "^5.0.0",
				"@sideway/address": "^4.1.3",
				"@sideway/formula": "^3.0.0",
				"@sideway/pinpoint": "^2.0.0"
			}
		},
		"three": {
			"version": "0.132.2",
			"resolved": "https://registry.npmjs.org/three/-/three-0.132.2.tgz",
			"integrity": "sha512-0wcR7LxxkXMn6Gi58gEs3QvY8WpTVXA31L2VOvpjm4ZPYFRHCZC13UqynheFoS5OXDYgtBneN0dhbaNBE8iLhQ=="
		},
		"tslib": {
			"version": "1.14.1",
			"resolved": "https://registry.npmjs.org/tslib/-/tslib-1.14.1.tgz",
			"integrity": "sha512-Xni35NKzjgMrwevysHTCArtLDpPvye8zV/0E4EyYn43P7/7qvQwPh9BGkHewbMulVntbigmcT7rdX3BNo9wRJg=="
		},
		"tsyringe": {
			"version": "4.6.0",
			"resolved": "https://registry.npmjs.org/tsyringe/-/tsyringe-4.6.0.tgz",
			"integrity": "sha512-BMQAZamSfEmIQzH8WJeRu1yZGQbPSDuI9g+yEiKZFIcO46GPZuMOC2d0b52cVBdw1d++06JnDSIIZvEnogMdAw==",
			"requires": {
				"tslib": "^1.9.3"
			}
		},
		"ua-parser-js": {
			"version": "0.7.31",
			"resolved": "https://registry.npmjs.org/ua-parser-js/-/ua-parser-js-0.7.31.tgz",
			"integrity": "sha512-qLK/Xe9E2uzmYI3qLeOmI0tEOt+TBBQyUIAh4aAgU05FVYzeZrKUdkAZfBNVGRaHVgV0TDkdEngJSw/SyQchkQ=="
		},
		"uuid": {
			"version": "8.3.2",
			"resolved": "https://registry.npmjs.org/uuid/-/uuid-8.3.2.tgz",
			"integrity": "sha512-+NYs2QeMWy+GWFOEm9xnn6HCDp0l7QBD7ml8zLUmJ+93Q5NF0NocErnwkTkXVFNiX3/fpC6afS8Dhb/gz7R7eg=="
		}
	}
}
