{
	"name": "@shapediver/viewer",
	"version": "2.4.1",
	"lockfileVersion": 2,
	"requires": true,
	"packages": {
		"": {
			"name": "@shapediver/viewer",
			"version": "2.0.5",
			"license": "polyform-noncommercial-1.0.0",
			"dependencies": {
				"@shapediver/viewer.utils.mime-type": "0.0.15"
			}
		},
		"../../data-engine/data-engine": {
			"name": "@shapediver/viewer.data-engine.data-engine",
			"version": "2.0.5",
			"extraneous": true,
			"license": "polyform-noncommercial-1.0.0",
			"dependencies": {
				"@shapediver/sdk.geometry-api-sdk-v2": "^1.0.26",
				"@shapediver/viewer.data-engine.geometry-engine": "2.0.5",
				"@shapediver/viewer.data-engine.html-element-anchor-engine": "2.0.5",
				"@shapediver/viewer.data-engine.material-engine": "2.0.5",
				"@shapediver/viewer.data-engine.sdtf-engine": "2.0.5",
				"@shapediver/viewer.data-engine.tag3d-engine": "2.0.5",
				"@shapediver/viewer.shared.node-tree": "2.0.5",
				"@shapediver/viewer.shared.services": "2.0.5",
				"@shapediver/viewer.shared.types": "2.0.5",
				"axios": "^0.21.1",
				"gl-matrix": "3.3.0",
				"tsyringe": "^4.5.0"
			}
		},
		"../../data-engine/geometry-engine": {
			"name": "@shapediver/viewer.data-engine.geometry-engine",
			"version": "2.0.5",
			"extraneous": true,
			"license": "polyform-noncommercial-1.0.0",
			"dependencies": {
				"@shapediver/sdk.geometry-api-sdk-v2": "^1.0.26",
				"@shapediver/viewer.data-engine.material-engine": "2.0.5",
				"@shapediver/viewer.data-engine.shared-types": "2.0.5",
				"@shapediver/viewer.rendering-engine.camera-engine": "2.0.5",
				"@shapediver/viewer.rendering-engine.light-engine": "2.0.5",
				"@shapediver/viewer.shared.build-data": "2.0.5",
				"@shapediver/viewer.shared.node-tree": "2.0.5",
				"@shapediver/viewer.shared.services": "2.0.5",
				"@shapediver/viewer.shared.types": "2.0.5",
				"axios": "^0.21.1",
				"gl-matrix": "3.3.0",
				"tsyringe": "^4.5.0"
			}
		},
		"../../data-engine/gltf-converter": {
			"name": "@shapediver/viewer.data-engine.gltf-converter",
			"version": "2.0.5",
			"extraneous": true,
			"license": "polyform-noncommercial-1.0.0",
			"dependencies": {
				"@shapediver/viewer.data-engine.shared-types": "2.0.5",
				"@shapediver/viewer.shared.build-data": "2.0.5",
				"@shapediver/viewer.shared.node-tree": "2.0.5",
				"@shapediver/viewer.shared.services": "2.0.5",
				"@shapediver/viewer.shared.types": "2.0.5",
				"axios": "^0.21.1",
				"gl-matrix": "3.3.0",
				"three": "^0.141.0",
				"tsyringe": "^4.5.0"
			}
		},
		"../../data-engine/html-element-anchor-engine": {
			"name": "@shapediver/viewer.data-engine.html-element-anchor-engine",
			"version": "2.0.5",
			"extraneous": true,
			"license": "polyform-noncommercial-1.0.0",
			"dependencies": {
				"@shapediver/sdk.geometry-api-sdk-v2": "^1.0.26",
				"@shapediver/viewer.data-engine.shared-types": "2.0.5",
				"@shapediver/viewer.shared.math": "2.0.5",
				"@shapediver/viewer.shared.node-tree": "2.0.5",
				"@shapediver/viewer.shared.services": "2.0.5",
				"@shapediver/viewer.shared.types": "2.0.5",
				"axios": "^0.21.1",
				"gl-matrix": "3.3.0",
				"tsyringe": "^4.5.0"
			}
		},
		"../../data-engine/material-engine": {
			"name": "@shapediver/viewer.data-engine.material-engine",
			"version": "2.0.5",
			"extraneous": true,
			"license": "polyform-noncommercial-1.0.0",
			"dependencies": {
				"@shapediver/sdk.geometry-api-sdk-v2": "^1.0.26",
				"@shapediver/viewer.data-engine.shared-types": "2.0.5",
				"@shapediver/viewer.shared.node-tree": "2.0.5",
				"@shapediver/viewer.shared.services": "2.0.5",
				"@shapediver/viewer.shared.types": "2.0.5",
				"axios": "^0.21.1",
				"gl-matrix": "3.3.0",
				"tsyringe": "^4.5.0"
			}
		},
		"../../data-engine/sdtf-engine": {
			"name": "@shapediver/viewer.data-engine.sdtf-engine",
			"version": "2.0.5",
			"extraneous": true,
			"license": "polyform-noncommercial-1.0.0",
			"dependencies": {
				"@shapediver/sdk.geometry-api-sdk-v2": "^1.0.26",
				"@shapediver/sdk.sdtf-v1": "1.0.0",
				"@shapediver/viewer.data-engine.shared-types": "2.0.5",
				"@shapediver/viewer.shared.build-data": "2.0.5",
				"@shapediver/viewer.shared.node-tree": "2.0.5",
				"@shapediver/viewer.shared.services": "2.0.5",
				"@shapediver/viewer.shared.types": "2.0.5",
				"axios": "^0.21.1",
				"gl-matrix": "3.3.0",
				"tsyringe": "^4.5.0"
			}
		},
		"../../data-engine/shared-types": {
			"name": "@shapediver/viewer.data-engine.shared-types",
			"version": "2.0.5",
			"extraneous": true,
			"license": "polyform-noncommercial-1.0.0",
			"dependencies": {
				"@shapediver/viewer.shared.services": "2.0.5",
				"@shapediver/viewer.shared.types": "2.0.5",
				"axios": "^0.21.1",
				"gl-matrix": "3.3.0",
				"tsyringe": "^4.5.0"
			}
		},
		"../../data-engine/tag3d-engine": {
			"name": "@shapediver/viewer.data-engine.tag3d-engine",
			"version": "2.0.5",
			"extraneous": true,
			"license": "polyform-noncommercial-1.0.0",
			"dependencies": {
				"@shapediver/sdk.geometry-api-sdk-v2": "^1.0.26",
				"@shapediver/viewer.data-engine.shared-types": "2.0.5",
				"@shapediver/viewer.shared.node-tree": "2.0.5",
				"@shapediver/viewer.shared.services": "2.0.5",
				"@shapediver/viewer.shared.types": "2.0.5",
				"axios": "^0.21.1",
				"gl-matrix": "3.3.0",
				"three": "^0.141.0",
				"tsyringe": "^4.5.0"
			}
		},
		"../../rendering-engine-threejs/standard": {
			"name": "@shapediver/viewer.rendering-engine-threejs.standard",
			"version": "2.0.5",
			"extraneous": true,
			"license": "polyform-noncommercial-1.0.0",
			"dependencies": {
				"@shapediver/viewer.rendering-engine.camera-engine": "2.0.5",
				"@shapediver/viewer.rendering-engine.canvas-engine": "2.0.5",
				"@shapediver/viewer.rendering-engine.light-engine": "2.0.5",
				"@shapediver/viewer.rendering-engine.rendering-engine": "2.0.5",
				"@shapediver/viewer.shared.math": "2.0.5",
				"@shapediver/viewer.shared.node-tree": "2.0.5",
				"@shapediver/viewer.shared.services": "2.0.5",
				"@shapediver/viewer.shared.types": "2.0.5",
				"@tweenjs/tween.js": "^18.6.4",
				"@types/stats.js": "^0.17.0",
				"@types/three": "^0.138.0",
				"gl-matrix": "3.3.0",
				"stats.js": "^0.17.0",
				"three": "^0.141.0",
				"tsyringe": "^4.5.0"
			}
		},
		"../../rendering-engine/camera-engine": {
			"name": "@shapediver/viewer.rendering-engine.camera-engine",
			"version": "2.0.5",
			"extraneous": true,
			"license": "polyform-noncommercial-1.0.0",
			"dependencies": {
				"@shapediver/viewer.rendering-engine.rendering-engine": "2.0.5",
				"@shapediver/viewer.settings": "0.1.36",
				"@shapediver/viewer.shared.math": "2.0.5",
				"@shapediver/viewer.shared.node-tree": "2.0.5",
				"@shapediver/viewer.shared.services": "2.0.5",
				"@shapediver/viewer.shared.types": "2.0.5",
				"@tweenjs/tween.js": "^18.6.4",
				"detect-it": "4.0.1",
				"gl-matrix": "3.3.0",
				"tsyringe": "^4.5.0"
			}
		},
		"../../rendering-engine/canvas-engine": {
			"name": "@shapediver/viewer.rendering-engine.canvas-engine",
			"version": "2.0.5",
			"extraneous": true,
			"license": "polyform-noncommercial-1.0.0",
			"dependencies": {
				"@shapediver/viewer.rendering-engine.rendering-engine": "2.0.5",
				"@shapediver/viewer.shared.services": "2.0.5",
				"gl-matrix": "3.3.0",
				"tsyringe": "^4.5.0"
			}
		},
		"../../rendering-engine/light-engine": {
			"name": "@shapediver/viewer.rendering-engine.light-engine",
			"version": "2.0.5",
			"extraneous": true,
			"license": "polyform-noncommercial-1.0.0",
			"dependencies": {
				"@shapediver/viewer.rendering-engine.rendering-engine": "2.0.5",
				"@shapediver/viewer.settings": "0.1.36",
				"@shapediver/viewer.shared.node-tree": "2.0.5",
				"@shapediver/viewer.shared.services": "2.0.5",
				"@shapediver/viewer.shared.types": "2.0.5",
				"gl-matrix": "3.3.0",
				"tsyringe": "^4.5.0"
			}
		},
		"../../rendering-engine/rendering-engine": {
			"name": "@shapediver/viewer.rendering-engine.rendering-engine",
			"version": "2.0.5",
			"extraneous": true,
			"license": "polyform-noncommercial-1.0.0",
			"dependencies": {
				"@shapediver/viewer.shared.math": "2.0.5",
				"@shapediver/viewer.shared.node-tree": "2.0.5",
				"@shapediver/viewer.shared.services": "2.0.5",
				"gl-matrix": "3.3.0",
				"tsyringe": "^4.5.0"
			}
		},
		"../../session-engine/session-engine": {
			"name": "@shapediver/viewer.session-engine.session-engine",
			"version": "2.0.5",
			"extraneous": true,
			"license": "polyform-noncommercial-1.0.0",
			"dependencies": {
				"@shapediver/sdk.geometry-api-sdk-v2": "^1.0.26",
				"@shapediver/viewer.data-engine.data-engine": "2.0.5",
				"@shapediver/viewer.data-engine.shared-types": "2.0.5",
				"@shapediver/viewer.settings": "0.1.36",
				"@shapediver/viewer.shared.build-data": "2.0.5",
				"@shapediver/viewer.shared.node-tree": "2.0.5",
				"@shapediver/viewer.shared.services": "2.0.5",
				"@shapediver/viewer.shared.types": "2.0.5",
				"@shapediver/viewer.utils.mime-type": "1.0.0",
				"axios": "^0.21.1",
				"gl-matrix": "3.3.0",
				"tsyringe": "^4.5.0"
			}
		},
		"../../shared/build-data": {
			"name": "@shapediver/viewer.shared.build-data",
			"version": "2.0.5",
			"extraneous": true,
			"license": "polyform-noncommercial-1.0.0"
		},
		"../../shared/math": {
			"name": "@shapediver/viewer.shared.math",
			"version": "2.0.5",
			"extraneous": true,
			"license": "polyform-noncommercial-1.0.0",
			"dependencies": {
				"@shapediver/viewer.shared.services": "2.0.5",
				"gl-matrix": "3.3.0",
				"tsyringe": "^4.5.0"
			}
		},
		"../../shared/node-tree": {
			"name": "@shapediver/viewer.shared.node-tree",
			"version": "2.0.5",
			"extraneous": true,
			"license": "polyform-noncommercial-1.0.0",
			"dependencies": {
				"@shapediver/viewer.shared.math": "2.0.5",
				"@shapediver/viewer.shared.services": "2.0.5",
				"gl-matrix": "3.3.0",
				"tsyringe": "^4.5.0"
			}
		},
		"../../shared/services": {
			"name": "@shapediver/viewer.shared.services",
			"version": "2.0.5",
			"extraneous": true,
			"license": "polyform-noncommercial-1.0.0",
			"dependencies": {
				"@ctrl/tinycolor": "^3.4.0",
				"@sentry/browser": "^6.7.2",
				"@sentry/tracing": "^6.7.2",
				"@shapediver/sdk.geometry-api-sdk-v2": "^1.0.26",
				"@shapediver/viewer.settings": "0.1.36",
				"@shapediver/viewer.shared.build-data": "2.0.5",
				"@types/dompurify": "^2.3.1",
				"@types/ua-parser-js": "^0.7.36",
				"@types/uuid": "^8.3.0",
				"axios": "^0.21.1",
				"dompurify": "^2.3.3",
				"gl-matrix": "3.3.0",
				"tsyringe": "^4.5.0",
				"ua-parser-js": "^0.7.28",
				"uuid": "^8.3.2"
			}
		},
		"../../shared/types": {
			"name": "@shapediver/viewer.shared.types",
			"version": "2.0.5",
			"extraneous": true,
			"license": "polyform-noncommercial-1.0.0",
			"dependencies": {
				"@shapediver/sdk.sdtf-v1": "1.0.0",
				"@shapediver/viewer.shared.math": "2.0.5",
				"@shapediver/viewer.shared.node-tree": "2.0.5",
				"@shapediver/viewer.shared.services": "2.0.5",
				"gl-matrix": "3.3.0",
				"tsyringe": "^4.5.0"
			}
		},
		"../creation-control-center": {
			"name": "@shapediver/viewer.main.creation-control-center",
			"version": "2.0.5",
			"extraneous": true,
			"license": "polyform-noncommercial-1.0.0",
			"dependencies": {
				"@shapediver/viewer.rendering-engine-threejs.standard": "2.0.5",
				"@shapediver/viewer.rendering-engine.camera-engine": "2.0.5",
				"@shapediver/viewer.rendering-engine.rendering-engine": "2.0.5",
				"@shapediver/viewer.session-engine.session-engine": "2.0.5",
				"@shapediver/viewer.shared.build-data": "2.0.5",
				"@shapediver/viewer.shared.math": "2.0.5",
				"@shapediver/viewer.shared.node-tree": "2.0.5",
				"@shapediver/viewer.shared.services": "2.0.5",
				"@shapediver/viewer.shared.types": "2.0.5",
				"gl-matrix": "3.3.0",
				"reflect-metadata": "^0.1.13",
				"tsyringe": "^4.5.0"
			}
		},
		"node_modules/@shapediver/viewer.utils.mime-type": {
			"version": "0.0.15",
			"resolved": "https://registry.npmjs.org/@shapediver/viewer.utils.mime-type/-/viewer.utils.mime-type-0.0.15.tgz",
			"integrity": "sha512-eagz84v/coUHswJwJwyqjgP0iOAZGhYHcJZlI/0x0pYNeySTGpWCts+mnALbzxEoEI87LN+44uz32EpYcyO7oA=="
		}
	},
	"dependencies": {
		"@shapediver/viewer.utils.mime-type": {
			"version": "0.0.15",
			"resolved": "https://registry.npmjs.org/@shapediver/viewer.utils.mime-type/-/viewer.utils.mime-type-0.0.15.tgz",
			"integrity": "sha512-eagz84v/coUHswJwJwyqjgP0iOAZGhYHcJZlI/0x0pYNeySTGpWCts+mnALbzxEoEI87LN+44uz32EpYcyO7oA=="
		}
	}
}
