{
	"name": "@shapediver/viewer",
	"version": "1.0.1",
	"lockfileVersion": 2,
	"requires": true,
	"packages": {
		"": {
			"name": "@shapediver/viewer",
			"version": "0.4.5",
			"license": "polyform-noncommercial-1.0.0",
			"dependencies": {
				"@shapediver/api.geometry-api-dto-v1": "^1.0.6"
			}
		},
		"node_modules/@shapediver/api.geometry-api-dto-v1": {
			"version": "1.0.9",
			"resolved": "https://npm.pkg.github.com/download/@shapediver/api.geometry-api-dto-v1/1.0.9/e463951276f78a5fd3c3f85eca02afb820a246c07fd94e3fb0a146055ea9f7c7",
			"integrity": "sha512-ErN3vrsXTfDeW60DVcmOdy5A2i1HB+vOWV1WXg692Q1VGL6WJP/qWkgi5FN1nY5Q4oXtLa9K2pvHMtuFhK0oPA==",
			"license": "ISC"
		}
	},
	"dependencies": {
		"@shapediver/api.geometry-api-dto-v1": {
			"version": "1.0.9",
			"resolved": "https://npm.pkg.github.com/download/@shapediver/api.geometry-api-dto-v1/1.0.9/e463951276f78a5fd3c3f85eca02afb820a246c07fd94e3fb0a146055ea9f7c7",
			"integrity": "sha512-ErN3vrsXTfDeW60DVcmOdy5A2i1HB+vOWV1WXg692Q1VGL6WJP/qWkgi5FN1nY5Q4oXtLa9K2pvHMtuFhK0oPA=="
		}
	}
}
