{
	"name": "@shapediver/viewer",
	"version": "1.13.10",
	"lockfileVersion": 2,
	"requires": true,
	"packages": {
		"": {
			"name": "@shapediver/viewer",
			"version": "1.13.10",
			"license": "polyform-noncommercial-1.0.0",
			"dependencies": {
				"@shapediver/sdk.geometry-api-sdk-v2": "^1.0.18"
			}
		},
		"node_modules/@shapediver/sdk.geometry-api-sdk-v2": {
			"version": "1.0.19",
			"resolved": "https://registry.npmjs.org/@shapediver/sdk.geometry-api-sdk-v2/-/sdk.geometry-api-sdk-v2-1.0.19.tgz",
			"integrity": "sha512-XJDb+AhZEGKnT7JNIj7ysu5xO2ZmUtYGDYhLUTdTsGP0kVV6L8f9iR6mPY82Nq0iQJKVRmve2sDF1FvRznes/A==",
			"dependencies": {
				"@shapediver/api.geometry-api-dto-v2": "^1.1.9",
				"@shapediver/sdk.geometry-api-sdk-core": "^1.0.10"
			}
		},
		"node_modules/@shapediver/sdk.geometry-api-sdk-v2/node_modules/@shapediver/api.geometry-api-dto-v2": {
			"version": "1.1.9",
			"resolved": "https://registry.npmjs.org/@shapediver/api.geometry-api-dto-v2/-/api.geometry-api-dto-v2-1.1.9.tgz",
			"integrity": "sha512-LBfETUrbyEhGSUQB99US51rWzGkNlIja5bIgwc+gie9C0piTSMw8mDSlaiGLixGWgPVvl1W+3T57eTc59lpb7A=="
		},
		"node_modules/@shapediver/sdk.geometry-api-sdk-v2/node_modules/@shapediver/sdk.geometry-api-sdk-core": {
			"version": "1.0.11",
			"resolved": "https://registry.npmjs.org/@shapediver/sdk.geometry-api-sdk-core/-/sdk.geometry-api-sdk-core-1.0.11.tgz",
			"integrity": "sha512-WT8tov3kIXtP9pl5ggJDngtryRz7bkij53vqw0hF9rW7E+YeurgaLLxMUsIwJ5m4ie7bYcSafvV44yozR4YNjw==",
			"dependencies": {
				"axios": "^0.26.1"
			}
		},
		"node_modules/@shapediver/sdk.geometry-api-sdk-v2/node_modules/axios": {
			"version": "0.26.1",
			"resolved": "https://registry.npmjs.org/axios/-/axios-0.26.1.tgz",
			"integrity": "sha512-fPwcX4EvnSHuInCMItEhAGnaSEXRBjtzh9fOtsE6E1G6p7vl7edEeZe11QHf18+6+9gR5PbKV/sGKNaD8YaMeA==",
			"dependencies": {
				"follow-redirects": "^1.14.8"
			}
		},
		"node_modules/@shapediver/sdk.geometry-api-sdk-v2/node_modules/follow-redirects": {
			"version": "1.14.9",
			"resolved": "https://registry.npmjs.org/follow-redirects/-/follow-redirects-1.14.9.tgz",
			"integrity": "sha512-MQDfihBQYMcyy5dhRDJUHcw7lb2Pv/TuE6xP1vyraLukNDHKbDxDNaOE3NbCAdKQApno+GPRyo1YAp89yCjK4w==",
			"funding": [
				{
					"type": "individual",
					"url": "https://github.com/sponsors/RubenVerborgh"
				}
			],
			"engines": {
				"node": ">=4.0"
			},
			"peerDependenciesMeta": {
				"debug": {
					"optional": true
				}
			}
		}
	},
	"dependencies": {
		"@shapediver/sdk.geometry-api-sdk-v2": {
			"version": "1.0.19",
			"resolved": "https://registry.npmjs.org/@shapediver/sdk.geometry-api-sdk-v2/-/sdk.geometry-api-sdk-v2-1.0.19.tgz",
			"integrity": "sha512-XJDb+AhZEGKnT7JNIj7ysu5xO2ZmUtYGDYhLUTdTsGP0kVV6L8f9iR6mPY82Nq0iQJKVRmve2sDF1FvRznes/A==",
			"requires": {
				"@shapediver/api.geometry-api-dto-v2": "^1.1.9",
				"@shapediver/sdk.geometry-api-sdk-core": "^1.0.10"
			},
			"dependencies": {
				"@shapediver/api.geometry-api-dto-v2": {
					"version": "1.1.9",
					"resolved": "https://registry.npmjs.org/@shapediver/api.geometry-api-dto-v2/-/api.geometry-api-dto-v2-1.1.9.tgz",
					"integrity": "sha512-LBfETUrbyEhGSUQB99US51rWzGkNlIja5bIgwc+gie9C0piTSMw8mDSlaiGLixGWgPVvl1W+3T57eTc59lpb7A=="
				},
				"@shapediver/sdk.geometry-api-sdk-core": {
					"version": "1.0.11",
					"resolved": "https://registry.npmjs.org/@shapediver/sdk.geometry-api-sdk-core/-/sdk.geometry-api-sdk-core-1.0.11.tgz",
					"integrity": "sha512-WT8tov3kIXtP9pl5ggJDngtryRz7bkij53vqw0hF9rW7E+YeurgaLLxMUsIwJ5m4ie7bYcSafvV44yozR4YNjw==",
					"requires": {
						"axios": "^0.26.1"
					}
				},
				"axios": {
					"version": "0.26.1",
					"resolved": "https://registry.npmjs.org/axios/-/axios-0.26.1.tgz",
					"integrity": "sha512-fPwcX4EvnSHuInCMItEhAGnaSEXRBjtzh9fOtsE6E1G6p7vl7edEeZe11QHf18+6+9gR5PbKV/sGKNaD8YaMeA==",
					"requires": {
						"follow-redirects": "^1.14.8"
					}
				},
				"follow-redirects": {
					"version": "1.14.9",
					"resolved": "https://registry.npmjs.org/follow-redirects/-/follow-redirects-1.14.9.tgz",
					"integrity": "sha512-MQDfihBQYMcyy5dhRDJUHcw7lb2Pv/TuE6xP1vyraLukNDHKbDxDNaOE3NbCAdKQApno+GPRyo1YAp89yCjK4w=="
				}
			}
		}
	}
}
