{
  "name": "@shapediver/viewer.shared.types",
  "version": "2.7.7",
  "lockfileVersion": 2,
  "requires": true,
  "packages": {
    "": {
      "name": "@shapediver/viewer.shared.types",
      "version": "2.7.7",
      "license": "polyform-noncommercial-1.0.0",
      "dependencies": {
        "@shapediver/sdk.sdtf-v1": "1.2.1",
        "gl-matrix": "3.3.0"
      }
    },
    "node_modules/@shapediver/sdk.sdtf-core": {
      "version": "1.2.1",
      "resolved": "https://registry.npmjs.org/@shapediver/sdk.sdtf-core/-/sdk.sdtf-core-1.2.1.tgz",
      "integrity": "sha512-qHCxA8FRfFphrrsnEM6H120CDJJAaqUEEB7/pZ/fXPdHgcZeahc4mAi9SHM5Ndxv6yjGswKMiN7p5q7q/DbKAw=="
    },
    "node_modules/@shapediver/sdk.sdtf-geometry": {
      "version": "1.2.1",
      "resolved": "https://registry.npmjs.org/@shapediver/sdk.sdtf-geometry/-/sdk.sdtf-geometry-1.2.1.tgz",
      "integrity": "sha512-IgC4Zf5sp6R0ReHOcZWRdV0+YvNtJIZNe58sGAaGnMF3QgipVR0LTJ84LVNRteZ7dS4HW+PB2Lz/BrUD9+oCgg==",
      "dependencies": {
        "@shapediver/sdk.sdtf-core": "^1.2.1"
      }
    },
    "node_modules/@shapediver/sdk.sdtf-primitives": {
      "version": "1.2.1",
      "resolved": "https://registry.npmjs.org/@shapediver/sdk.sdtf-primitives/-/sdk.sdtf-primitives-1.2.1.tgz",
      "integrity": "sha512-TkoiiKZhR0389cvkv3Obhi0aFv4RThVmFxJOjuggwCmCrOu8+Xjy6etm0EZj5axwRRusRp3EhCX9GUMYsUiYyQ==",
      "dependencies": {
        "@shapediver/sdk.sdtf-core": "^1.2.1",
        "decimal.js": "^10.4.2"
      }
    },
    "node_modules/@shapediver/sdk.sdtf-v1": {
      "version": "1.2.1",
      "resolved": "https://registry.npmjs.org/@shapediver/sdk.sdtf-v1/-/sdk.sdtf-v1-1.2.1.tgz",
      "integrity": "sha512-m0x8A7scqCGLsB/snHXOES0ukjwsBrReJ2a1for2drlhXX9XsbG02PVngNeeSUIJrsJFFfPow9Eiy/SmDEf55w==",
      "dependencies": {
        "@shapediver/sdk.sdtf-core": "^1.2.1",
        "@shapediver/sdk.sdtf-geometry": "^1.2.1",
        "@shapediver/sdk.sdtf-primitives": "^1.2.1",
        "axios": "0.27.2",
        "browser-or-node": "2.0.0"
      },
      "bin": {
        "sdtf-v1": "bin/sdtf-v1.js"
      }
    },
    "node_modules/asynckit": {
      "version": "0.4.0",
      "resolved": "https://registry.npmjs.org/asynckit/-/asynckit-0.4.0.tgz",
      "integrity": "sha512-Oei9OH4tRh0YqU3GxhX79dM/mwVgvbZJaSNaRk+bshkj0S5cfHcgYakreBjrHwatXKbz+IoIdYLxrKim2MjW0Q=="
    },
    "node_modules/axios": {
      "version": "0.27.2",
      "resolved": "https://registry.npmjs.org/axios/-/axios-0.27.2.tgz",
      "integrity": "sha512-t+yRIyySRTp/wua5xEr+z1q60QmLq8ABsS5O9Me1AsE5dfKqgnCFzwiCZZ/cGNd1lq4/7akDWMxdhVlucjmnOQ==",
      "dependencies": {
        "follow-redirects": "^1.14.9",
        "form-data": "^4.0.0"
      }
    },
    "node_modules/browser-or-node": {
      "version": "2.0.0",
      "resolved": "https://registry.npmjs.org/browser-or-node/-/browser-or-node-2.0.0.tgz",
      "integrity": "sha512-3Lrks/Okgof+/cRguUNG+qRXSeq79SO3hY4QrXJayJofwJwHiGC0qi99uDjsfTwULUFSr1OGVsBkdIkygKjTUA=="
    },
    "node_modules/combined-stream": {
      "version": "1.0.8",
      "resolved": "https://registry.npmjs.org/combined-stream/-/combined-stream-1.0.8.tgz",
      "integrity": "sha512-FQN4MRfuJeHf7cBbBMJFXhKSDq+2kAArBlmRBvcvFE5BB1HZKXtSFASDhdlz9zOYwxh8lDdnvmMOe/+5cdoEdg==",
      "dependencies": {
        "delayed-stream": "~1.0.0"
      },
      "engines": {
        "node": ">= 0.8"
      }
    },
    "node_modules/decimal.js": {
      "version": "10.4.3",
      "resolved": "https://registry.npmjs.org/decimal.js/-/decimal.js-10.4.3.tgz",
      "integrity": "sha512-VBBaLc1MgL5XpzgIP7ny5Z6Nx3UrRkIViUkPUdtl9aya5amy3De1gsUUSB1g3+3sExYNjCAsAznmukyxCb1GRA=="
    },
    "node_modules/delayed-stream": {
      "version": "1.0.0",
      "resolved": "https://registry.npmjs.org/delayed-stream/-/delayed-stream-1.0.0.tgz",
      "integrity": "sha512-ZySD7Nf91aLB0RxL4KGrKHBXl7Eds1DAmEdcoVawXnLD7SDhpNgtuII2aAkg7a7QS41jxPSZ17p4VdGnMHk3MQ==",
      "engines": {
        "node": ">=0.4.0"
      }
    },
    "node_modules/follow-redirects": {
      "version": "1.15.2",
      "resolved": "https://registry.npmjs.org/follow-redirects/-/follow-redirects-1.15.2.tgz",
      "integrity": "sha512-VQLG33o04KaQ8uYi2tVNbdrWp1QWxNNea+nmIB4EVM28v0hmP17z7aG1+wAkNzVq4KeXTq3221ye5qTJP91JwA==",
      "funding": [
        {
          "type": "individual",
          "url": "https://github.com/sponsors/RubenVerborgh"
        }
      ],
      "engines": {
        "node": ">=4.0"
      },
      "peerDependenciesMeta": {
        "debug": {
          "optional": true
        }
      }
    },
    "node_modules/form-data": {
      "version": "4.0.0",
      "resolved": "https://registry.npmjs.org/form-data/-/form-data-4.0.0.tgz",
      "integrity": "sha512-ETEklSGi5t0QMZuiXoA/Q6vcnxcLQP5vdugSpuAyi6SVGi2clPPp+xgEhuMaHC+zGgn31Kd235W35f7Hykkaww==",
      "dependencies": {
        "asynckit": "^0.4.0",
        "combined-stream": "^1.0.8",
        "mime-types": "^2.1.12"
      },
      "engines": {
        "node": ">= 6"
      }
    },
    "node_modules/gl-matrix": {
      "version": "3.3.0",
      "resolved": "https://registry.npmjs.org/gl-matrix/-/gl-matrix-3.3.0.tgz",
      "integrity": "sha512-COb7LDz+SXaHtl/h4LeaFcNdJdAQSDeVqjiIihSXNrkWObZLhDI4hIkZC11Aeqp7bcE72clzB0BnDXr2SmslRA=="
    },
    "node_modules/mime-db": {
      "version": "1.52.0",
      "resolved": "https://registry.npmjs.org/mime-db/-/mime-db-1.52.0.tgz",
      "integrity": "sha512-sPU4uV7dYlvtWJxwwxHD0PuihVNiE7TyAbQ5SWxDCB9mUYvOgroQOwYQQOKPJ8CIbE+1ETVlOoK1UC2nU3gYvg==",
      "engines": {
        "node": ">= 0.6"
      }
    },
    "node_modules/mime-types": {
      "version": "2.1.35",
      "resolved": "https://registry.npmjs.org/mime-types/-/mime-types-2.1.35.tgz",
      "integrity": "sha512-ZDY+bPm5zTTF+YpCrAU9nK0UgICYPT0QtT1NZWFv4s++TNkcgVaT0g6+4R2uI4MjQjzysHB1zxuWL50hzaeXiw==",
      "dependencies": {
        "mime-db": "1.52.0"
      },
      "engines": {
        "node": ">= 0.6"
      }
    }
  },
  "dependencies": {
    "@shapediver/sdk.sdtf-core": {
      "version": "1.2.1",
      "resolved": "https://registry.npmjs.org/@shapediver/sdk.sdtf-core/-/sdk.sdtf-core-1.2.1.tgz",
      "integrity": "sha512-qHCxA8FRfFphrrsnEM6H120CDJJAaqUEEB7/pZ/fXPdHgcZeahc4mAi9SHM5Ndxv6yjGswKMiN7p5q7q/DbKAw=="
    },
    "@shapediver/sdk.sdtf-geometry": {
      "version": "1.2.1",
      "resolved": "https://registry.npmjs.org/@shapediver/sdk.sdtf-geometry/-/sdk.sdtf-geometry-1.2.1.tgz",
      "integrity": "sha512-IgC4Zf5sp6R0ReHOcZWRdV0+YvNtJIZNe58sGAaGnMF3QgipVR0LTJ84LVNRteZ7dS4HW+PB2Lz/BrUD9+oCgg==",
      "requires": {
        "@shapediver/sdk.sdtf-core": "^1.2.1"
      }
    },
    "@shapediver/sdk.sdtf-primitives": {
      "version": "1.2.1",
      "resolved": "https://registry.npmjs.org/@shapediver/sdk.sdtf-primitives/-/sdk.sdtf-primitives-1.2.1.tgz",
      "integrity": "sha512-TkoiiKZhR0389cvkv3Obhi0aFv4RThVmFxJOjuggwCmCrOu8+Xjy6etm0EZj5axwRRusRp3EhCX9GUMYsUiYyQ==",
      "requires": {
        "@shapediver/sdk.sdtf-core": "^1.2.1",
        "decimal.js": "^10.4.2"
      }
    },
    "@shapediver/sdk.sdtf-v1": {
      "version": "1.2.1",
      "resolved": "https://registry.npmjs.org/@shapediver/sdk.sdtf-v1/-/sdk.sdtf-v1-1.2.1.tgz",
      "integrity": "sha512-m0x8A7scqCGLsB/snHXOES0ukjwsBrReJ2a1for2drlhXX9XsbG02PVngNeeSUIJrsJFFfPow9Eiy/SmDEf55w==",
      "requires": {
        "@shapediver/sdk.sdtf-core": "^1.2.1",
        "@shapediver/sdk.sdtf-geometry": "^1.2.1",
        "@shapediver/sdk.sdtf-primitives": "^1.2.1",
        "axios": "0.27.2",
        "browser-or-node": "2.0.0"
      }
    },
    "asynckit": {
      "version": "0.4.0",
      "resolved": "https://registry.npmjs.org/asynckit/-/asynckit-0.4.0.tgz",
      "integrity": "sha512-Oei9OH4tRh0YqU3GxhX79dM/mwVgvbZJaSNaRk+bshkj0S5cfHcgYakreBjrHwatXKbz+IoIdYLxrKim2MjW0Q=="
    },
    "axios": {
      "version": "0.27.2",
      "resolved": "https://registry.npmjs.org/axios/-/axios-0.27.2.tgz",
      "integrity": "sha512-t+yRIyySRTp/wua5xEr+z1q60QmLq8ABsS5O9Me1AsE5dfKqgnCFzwiCZZ/cGNd1lq4/7akDWMxdhVlucjmnOQ==",
      "requires": {
        "follow-redirects": "^1.14.9",
        "form-data": "^4.0.0"
      }
    },
    "browser-or-node": {
      "version": "2.0.0",
      "resolved": "https://registry.npmjs.org/browser-or-node/-/browser-or-node-2.0.0.tgz",
      "integrity": "sha512-3Lrks/Okgof+/cRguUNG+qRXSeq79SO3hY4QrXJayJofwJwHiGC0qi99uDjsfTwULUFSr1OGVsBkdIkygKjTUA=="
    },
    "combined-stream": {
      "version": "1.0.8",
      "resolved": "https://registry.npmjs.org/combined-stream/-/combined-stream-1.0.8.tgz",
      "integrity": "sha512-FQN4MRfuJeHf7cBbBMJFXhKSDq+2kAArBlmRBvcvFE5BB1HZKXtSFASDhdlz9zOYwxh8lDdnvmMOe/+5cdoEdg==",
      "requires": {
        "delayed-stream": "~1.0.0"
      }
    },
    "decimal.js": {
      "version": "10.4.3",
      "resolved": "https://registry.npmjs.org/decimal.js/-/decimal.js-10.4.3.tgz",
      "integrity": "sha512-VBBaLc1MgL5XpzgIP7ny5Z6Nx3UrRkIViUkPUdtl9aya5amy3De1gsUUSB1g3+3sExYNjCAsAznmukyxCb1GRA=="
    },
    "delayed-stream": {
      "version": "1.0.0",
      "resolved": "https://registry.npmjs.org/delayed-stream/-/delayed-stream-1.0.0.tgz",
      "integrity": "sha512-ZySD7Nf91aLB0RxL4KGrKHBXl7Eds1DAmEdcoVawXnLD7SDhpNgtuII2aAkg7a7QS41jxPSZ17p4VdGnMHk3MQ=="
    },
    "follow-redirects": {
      "version": "1.15.2",
      "resolved": "https://registry.npmjs.org/follow-redirects/-/follow-redirects-1.15.2.tgz",
      "integrity": "sha512-VQLG33o04KaQ8uYi2tVNbdrWp1QWxNNea+nmIB4EVM28v0hmP17z7aG1+wAkNzVq4KeXTq3221ye5qTJP91JwA=="
    },
    "form-data": {
      "version": "4.0.0",
      "resolved": "https://registry.npmjs.org/form-data/-/form-data-4.0.0.tgz",
      "integrity": "sha512-ETEklSGi5t0QMZuiXoA/Q6vcnxcLQP5vdugSpuAyi6SVGi2clPPp+xgEhuMaHC+zGgn31Kd235W35f7Hykkaww==",
      "requires": {
        "asynckit": "^0.4.0",
        "combined-stream": "^1.0.8",
        "mime-types": "^2.1.12"
      }
    },
    "gl-matrix": {
      "version": "3.3.0",
      "resolved": "https://registry.npmjs.org/gl-matrix/-/gl-matrix-3.3.0.tgz",
      "integrity": "sha512-COb7LDz+SXaHtl/h4LeaFcNdJdAQSDeVqjiIihSXNrkWObZLhDI4hIkZC11Aeqp7bcE72clzB0BnDXr2SmslRA=="
    },
    "mime-db": {
      "version": "1.52.0",
      "resolved": "https://registry.npmjs.org/mime-db/-/mime-db-1.52.0.tgz",
      "integrity": "sha512-sPU4uV7dYlvtWJxwwxHD0PuihVNiE7TyAbQ5SWxDCB9mUYvOgroQOwYQQOKPJ8CIbE+1ETVlOoK1UC2nU3gYvg=="
    },
    "mime-types": {
      "version": "2.1.35",
      "resolved": "https://registry.npmjs.org/mime-types/-/mime-types-2.1.35.tgz",
      "integrity": "sha512-ZDY+bPm5zTTF+YpCrAU9nK0UgICYPT0QtT1NZWFv4s++TNkcgVaT0g6+4R2uI4MjQjzysHB1zxuWL50hzaeXiw==",
      "requires": {
        "mime-db": "1.52.0"
      }
    }
  }
}
