{
<<<<<<< HEAD
	"name": "@shapediver/viewer.examples.attribute-visualization",
	"version": "0.0.0",
	"lockfileVersion": 2,
	"requires": true,
	"packages": {
		"": {
			"name": "@shapediver/viewer.examples.attribute-visualization",
			"version": "0.0.0",
			"license": "polyform-noncommercial-1.0.0",
			"dependencies": {
				"gl-matrix": "3.3.0",
				"tsyringe": "^4.5.0"
			}
		},
		"node_modules/gl-matrix": {
			"version": "3.3.0",
			"resolved": "https://registry.npmjs.org/gl-matrix/-/gl-matrix-3.3.0.tgz",
			"integrity": "sha512-COb7LDz+SXaHtl/h4LeaFcNdJdAQSDeVqjiIihSXNrkWObZLhDI4hIkZC11Aeqp7bcE72clzB0BnDXr2SmslRA=="
		},
		"node_modules/tslib": {
			"version": "1.14.1",
			"resolved": "https://registry.npmjs.org/tslib/-/tslib-1.14.1.tgz",
			"integrity": "sha512-Xni35NKzjgMrwevysHTCArtLDpPvye8zV/0E4EyYn43P7/7qvQwPh9BGkHewbMulVntbigmcT7rdX3BNo9wRJg=="
		},
		"node_modules/tsyringe": {
			"version": "4.7.0",
			"resolved": "https://registry.npmjs.org/tsyringe/-/tsyringe-4.7.0.tgz",
			"integrity": "sha512-ncFDM1jTLsok4ejMvSW5jN1VGPQD48y2tfAR0pdptWRKYX4bkbqPt92k7KJ5RFJ1KV36JEs/+TMh7I6OUgj74g==",
			"dependencies": {
				"tslib": "^1.9.3"
			},
			"engines": {
				"node": ">= 6.0.0"
			}
		}
	},
	"dependencies": {
		"gl-matrix": {
			"version": "3.3.0",
			"resolved": "https://registry.npmjs.org/gl-matrix/-/gl-matrix-3.3.0.tgz",
			"integrity": "sha512-COb7LDz+SXaHtl/h4LeaFcNdJdAQSDeVqjiIihSXNrkWObZLhDI4hIkZC11Aeqp7bcE72clzB0BnDXr2SmslRA=="
		},
		"tslib": {
			"version": "1.14.1",
			"resolved": "https://registry.npmjs.org/tslib/-/tslib-1.14.1.tgz",
			"integrity": "sha512-Xni35NKzjgMrwevysHTCArtLDpPvye8zV/0E4EyYn43P7/7qvQwPh9BGkHewbMulVntbigmcT7rdX3BNo9wRJg=="
		},
		"tsyringe": {
			"version": "4.7.0",
			"resolved": "https://registry.npmjs.org/tsyringe/-/tsyringe-4.7.0.tgz",
			"integrity": "sha512-ncFDM1jTLsok4ejMvSW5jN1VGPQD48y2tfAR0pdptWRKYX4bkbqPt92k7KJ5RFJ1KV36JEs/+TMh7I6OUgj74g==",
			"requires": {
				"tslib": "^1.9.3"
			}
		}
	}
=======
  "name": "@shapediver/viewer.examples.attribute-visualization",
  "version": "0.0.0",
  "lockfileVersion": 2,
  "requires": true,
  "packages": {
    "": {
      "name": "@shapediver/viewer.examples.attribute-visualization",
      "version": "0.0.0",
      "license": "polyform-noncommercial-1.0.0",
      "dependencies": {
        "gl-matrix": "3.3.0"
      }
    },
    "node_modules/gl-matrix": {
      "version": "3.3.0",
      "resolved": "https://registry.npmjs.org/gl-matrix/-/gl-matrix-3.3.0.tgz",
      "integrity": "sha512-COb7LDz+SXaHtl/h4LeaFcNdJdAQSDeVqjiIihSXNrkWObZLhDI4hIkZC11Aeqp7bcE72clzB0BnDXr2SmslRA=="
    }
  },
  "dependencies": {
    "gl-matrix": {
      "version": "3.3.0",
      "resolved": "https://registry.npmjs.org/gl-matrix/-/gl-matrix-3.3.0.tgz",
      "integrity": "sha512-COb7LDz+SXaHtl/h4LeaFcNdJdAQSDeVqjiIihSXNrkWObZLhDI4hIkZC11Aeqp7bcE72clzB0BnDXr2SmslRA=="
    }
  }
>>>>>>> f7e03682... removed tsyringe (does not work without hoist)
}
